// !$*UTF8*$!
{
	archiveVersion = 1;
	classes = {
	};
	objectVersion = 56;
	objects = {

/* Begin PBXBuildFile section */
		CEF76BD328EE77C0003D1F49 /* AppDelegate.swift in Sources */ = {isa = PBXBuildFile; fileRef = CEF76BD228EE77C0003D1F49 /* AppDelegate.swift */; };
		CEF76BD528EE77C0003D1F49 /* SceneDelegate.swift in Sources */ = {isa = PBXBuildFile; fileRef = CEF76BD428EE77C0003D1F49 /* SceneDelegate.swift */; };
		CEF76BD728EE77C0003D1F49 /* ViewController.swift in Sources */ = {isa = PBXBuildFile; fileRef = CEF76BD628EE77C0003D1F49 /* ViewController.swift */; };
		CEF76BDA28EE77C0003D1F49 /* Main.storyboard in Resources */ = {isa = PBXBuildFile; fileRef = CEF76BD828EE77C0003D1F49 /* Main.storyboard */; };
		CEF76BDC28EE77C1003D1F49 /* Assets.xcassets in Resources */ = {isa = PBXBuildFile; fileRef = CEF76BDB28EE77C1003D1F49 /* Assets.xcassets */; };
		CEF76BDF28EE77C1003D1F49 /* LaunchScreen.storyboard in Resources */ = {isa = PBXBuildFile; fileRef = CEF76BDD28EE77C1003D1F49 /* LaunchScreen.storyboard */; };
		CEF76BEA28EE77C2003D1F49 /* SampleroTests.swift in Sources */ = {isa = PBXBuildFile; fileRef = CEF76BE928EE77C2003D1F49 /* SampleroTests.swift */; };
		CEF76BF428EE77C2003D1F49 /* SampleroUITests.swift in Sources */ = {isa = PBXBuildFile; fileRef = CEF76BF328EE77C2003D1F49 /* SampleroUITests.swift */; };
		CEF76BF628EE77C2003D1F49 /* SampleroUITestsLaunchTests.swift in Sources */ = {isa = PBXBuildFile; fileRef = CEF76BF528EE77C2003D1F49 /* SampleroUITestsLaunchTests.swift */; };
/* End PBXBuildFile section */

/* Begin PBXContainerItemProxy section */
		CEF76BE628EE77C2003D1F49 /* PBXContainerItemProxy */ = {
			isa = PBXContainerItemProxy;
			containerPortal = CEF76BC728EE77C0003D1F49 /* Project object */;
			proxyType = 1;
			remoteGlobalIDString = CEF76BCE28EE77C0003D1F49;
			remoteInfo = Samplero;
		};
		CEF76BF028EE77C2003D1F49 /* PBXContainerItemProxy */ = {
			isa = PBXContainerItemProxy;
			containerPortal = CEF76BC728EE77C0003D1F49 /* Project object */;
			proxyType = 1;
			remoteGlobalIDString = CEF76BCE28EE77C0003D1F49;
			remoteInfo = Samplero;
		};
/* End PBXContainerItemProxy section */

/* Begin PBXFileReference section */
		CEF76BCF28EE77C0003D1F49 /* Samplero.app */ = {isa = PBXFileReference; explicitFileType = wrapper.application; includeInIndex = 0; path = Samplero.app; sourceTree = BUILT_PRODUCTS_DIR; };
		CEF76BD228EE77C0003D1F49 /* AppDelegate.swift */ = {isa = PBXFileReference; lastKnownFileType = sourcecode.swift; path = AppDelegate.swift; sourceTree = "<group>"; };
		CEF76BD428EE77C0003D1F49 /* SceneDelegate.swift */ = {isa = PBXFileReference; lastKnownFileType = sourcecode.swift; path = SceneDelegate.swift; sourceTree = "<group>"; };
		CEF76BD628EE77C0003D1F49 /* ViewController.swift */ = {isa = PBXFileReference; lastKnownFileType = sourcecode.swift; path = ViewController.swift; sourceTree = "<group>"; };
		CEF76BD928EE77C0003D1F49 /* Base */ = {isa = PBXFileReference; lastKnownFileType = file.storyboard; name = Base; path = Base.lproj/Main.storyboard; sourceTree = "<group>"; };
		CEF76BDB28EE77C1003D1F49 /* Assets.xcassets */ = {isa = PBXFileReference; lastKnownFileType = folder.assetcatalog; path = Assets.xcassets; sourceTree = "<group>"; };
		CEF76BDE28EE77C1003D1F49 /* Base */ = {isa = PBXFileReference; lastKnownFileType = file.storyboard; name = Base; path = Base.lproj/LaunchScreen.storyboard; sourceTree = "<group>"; };
		CEF76BE028EE77C1003D1F49 /* Info.plist */ = {isa = PBXFileReference; lastKnownFileType = text.plist.xml; path = Info.plist; sourceTree = "<group>"; };
		CEF76BE528EE77C2003D1F49 /* SampleroTests.xctest */ = {isa = PBXFileReference; explicitFileType = wrapper.cfbundle; includeInIndex = 0; path = SampleroTests.xctest; sourceTree = BUILT_PRODUCTS_DIR; };
		CEF76BE928EE77C2003D1F49 /* SampleroTests.swift */ = {isa = PBXFileReference; lastKnownFileType = sourcecode.swift; path = SampleroTests.swift; sourceTree = "<group>"; };
		CEF76BEF28EE77C2003D1F49 /* SampleroUITests.xctest */ = {isa = PBXFileReference; explicitFileType = wrapper.cfbundle; includeInIndex = 0; path = SampleroUITests.xctest; sourceTree = BUILT_PRODUCTS_DIR; };
		CEF76BF328EE77C2003D1F49 /* SampleroUITests.swift */ = {isa = PBXFileReference; lastKnownFileType = sourcecode.swift; path = SampleroUITests.swift; sourceTree = "<group>"; };
		CEF76BF528EE77C2003D1F49 /* SampleroUITestsLaunchTests.swift */ = {isa = PBXFileReference; lastKnownFileType = sourcecode.swift; path = SampleroUITestsLaunchTests.swift; sourceTree = "<group>"; };
/* End PBXFileReference section */

/* Begin PBXFrameworksBuildPhase section */
		CEF76BCC28EE77C0003D1F49 /* Frameworks */ = {
			isa = PBXFrameworksBuildPhase;
			buildActionMask = 2147483647;
			files = (
			);
			runOnlyForDeploymentPostprocessing = 0;
		};
		CEF76BE228EE77C2003D1F49 /* Frameworks */ = {
			isa = PBXFrameworksBuildPhase;
			buildActionMask = 2147483647;
			files = (
			);
			runOnlyForDeploymentPostprocessing = 0;
		};
		CEF76BEC28EE77C2003D1F49 /* Frameworks */ = {
			isa = PBXFrameworksBuildPhase;
			buildActionMask = 2147483647;
			files = (
			);
			runOnlyForDeploymentPostprocessing = 0;
		};
/* End PBXFrameworksBuildPhase section */

/* Begin PBXGroup section */
		CEF76BC628EE77C0003D1F49 = {
			isa = PBXGroup;
			children = (
				CEF76BD128EE77C0003D1F49 /* Samplero */,
				CEF76BE828EE77C2003D1F49 /* SampleroTests */,
				CEF76BF228EE77C2003D1F49 /* SampleroUITests */,
				CEF76BD028EE77C0003D1F49 /* Products */,
			);
			sourceTree = "<group>";
		};
		CEF76BD028EE77C0003D1F49 /* Products */ = {
			isa = PBXGroup;
			children = (
				CEF76BCF28EE77C0003D1F49 /* Samplero.app */,
				CEF76BE528EE77C2003D1F49 /* SampleroTests.xctest */,
				CEF76BEF28EE77C2003D1F49 /* SampleroUITests.xctest */,
			);
			name = Products;
			sourceTree = "<group>";
		};
		CEF76BD128EE77C0003D1F49 /* Samplero */ = {
			isa = PBXGroup;
			children = (
				CEF76BD228EE77C0003D1F49 /* AppDelegate.swift */,
				CEF76BD428EE77C0003D1F49 /* SceneDelegate.swift */,
				CEF76BD628EE77C0003D1F49 /* ViewController.swift */,
				CEF76BD828EE77C0003D1F49 /* Main.storyboard */,
				CEF76BDB28EE77C1003D1F49 /* Assets.xcassets */,
				CEF76BDD28EE77C1003D1F49 /* LaunchScreen.storyboard */,
				CEF76BE028EE77C1003D1F49 /* Info.plist */,
			);
			path = Samplero;
			sourceTree = "<group>";
		};
		CEF76BE828EE77C2003D1F49 /* SampleroTests */ = {
			isa = PBXGroup;
			children = (
				CEF76BE928EE77C2003D1F49 /* SampleroTests.swift */,
			);
			path = SampleroTests;
			sourceTree = "<group>";
		};
		CEF76BF228EE77C2003D1F49 /* SampleroUITests */ = {
			isa = PBXGroup;
			children = (
				CEF76BF328EE77C2003D1F49 /* SampleroUITests.swift */,
				CEF76BF528EE77C2003D1F49 /* SampleroUITestsLaunchTests.swift */,
			);
			path = SampleroUITests;
			sourceTree = "<group>";
		};
/* End PBXGroup section */

/* Begin PBXNativeTarget section */
		CEF76BCE28EE77C0003D1F49 /* Samplero */ = {
			isa = PBXNativeTarget;
			buildConfigurationList = CEF76BF928EE77C2003D1F49 /* Build configuration list for PBXNativeTarget "Samplero" */;
			buildPhases = (
				CEF76BCB28EE77C0003D1F49 /* Sources */,
				CEF76BCC28EE77C0003D1F49 /* Frameworks */,
				CEF76BCD28EE77C0003D1F49 /* Resources */,
			);
			buildRules = (
			);
			dependencies = (
			);
			name = Samplero;
			productName = Samplero;
			productReference = CEF76BCF28EE77C0003D1F49 /* Samplero.app */;
			productType = "com.apple.product-type.application";
		};
		CEF76BE428EE77C2003D1F49 /* SampleroTests */ = {
			isa = PBXNativeTarget;
			buildConfigurationList = CEF76BFC28EE77C2003D1F49 /* Build configuration list for PBXNativeTarget "SampleroTests" */;
			buildPhases = (
				CEF76BE128EE77C2003D1F49 /* Sources */,
				CEF76BE228EE77C2003D1F49 /* Frameworks */,
				CEF76BE328EE77C2003D1F49 /* Resources */,
			);
			buildRules = (
			);
			dependencies = (
				CEF76BE728EE77C2003D1F49 /* PBXTargetDependency */,
			);
			name = SampleroTests;
			productName = SampleroTests;
			productReference = CEF76BE528EE77C2003D1F49 /* SampleroTests.xctest */;
			productType = "com.apple.product-type.bundle.unit-test";
		};
		CEF76BEE28EE77C2003D1F49 /* SampleroUITests */ = {
			isa = PBXNativeTarget;
			buildConfigurationList = CEF76BFF28EE77C2003D1F49 /* Build configuration list for PBXNativeTarget "SampleroUITests" */;
			buildPhases = (
				CEF76BEB28EE77C2003D1F49 /* Sources */,
				CEF76BEC28EE77C2003D1F49 /* Frameworks */,
				CEF76BED28EE77C2003D1F49 /* Resources */,
			);
			buildRules = (
			);
			dependencies = (
				CEF76BF128EE77C2003D1F49 /* PBXTargetDependency */,
			);
			name = SampleroUITests;
			productName = SampleroUITests;
			productReference = CEF76BEF28EE77C2003D1F49 /* SampleroUITests.xctest */;
			productType = "com.apple.product-type.bundle.ui-testing";
		};
/* End PBXNativeTarget section */

/* Begin PBXProject section */
		CEF76BC728EE77C0003D1F49 /* Project object */ = {
			isa = PBXProject;
			attributes = {
				BuildIndependentTargetsInParallel = 1;
				LastSwiftUpdateCheck = 1400;
				LastUpgradeCheck = 1400;
				TargetAttributes = {
					CEF76BCE28EE77C0003D1F49 = {
						CreatedOnToolsVersion = 14.0.1;
					};
					CEF76BE428EE77C2003D1F49 = {
						CreatedOnToolsVersion = 14.0.1;
						TestTargetID = CEF76BCE28EE77C0003D1F49;
					};
					CEF76BEE28EE77C2003D1F49 = {
						CreatedOnToolsVersion = 14.0.1;
						TestTargetID = CEF76BCE28EE77C0003D1F49;
					};
				};
			};
			buildConfigurationList = CEF76BCA28EE77C0003D1F49 /* Build configuration list for PBXProject "Samplero" */;
			compatibilityVersion = "Xcode 14.0";
			developmentRegion = en;
			hasScannedForEncodings = 0;
			knownRegions = (
				en,
				Base,
			);
			mainGroup = CEF76BC628EE77C0003D1F49;
			productRefGroup = CEF76BD028EE77C0003D1F49 /* Products */;
			projectDirPath = "";
			projectRoot = "";
			targets = (
				CEF76BCE28EE77C0003D1F49 /* Samplero */,
				CEF76BE428EE77C2003D1F49 /* SampleroTests */,
				CEF76BEE28EE77C2003D1F49 /* SampleroUITests */,
			);
		};
/* End PBXProject section */

/* Begin PBXResourcesBuildPhase section */
		CEF76BCD28EE77C0003D1F49 /* Resources */ = {
			isa = PBXResourcesBuildPhase;
			buildActionMask = 2147483647;
			files = (
				CEF76BDF28EE77C1003D1F49 /* LaunchScreen.storyboard in Resources */,
				CEF76BDC28EE77C1003D1F49 /* Assets.xcassets in Resources */,
				CEF76BDA28EE77C0003D1F49 /* Main.storyboard in Resources */,
			);
			runOnlyForDeploymentPostprocessing = 0;
		};
		CEF76BE328EE77C2003D1F49 /* Resources */ = {
			isa = PBXResourcesBuildPhase;
			buildActionMask = 2147483647;
			files = (
			);
			runOnlyForDeploymentPostprocessing = 0;
		};
		CEF76BED28EE77C2003D1F49 /* Resources */ = {
			isa = PBXResourcesBuildPhase;
			buildActionMask = 2147483647;
			files = (
			);
			runOnlyForDeploymentPostprocessing = 0;
		};
/* End PBXResourcesBuildPhase section */

/* Begin PBXSourcesBuildPhase section */
		CEF76BCB28EE77C0003D1F49 /* Sources */ = {
			isa = PBXSourcesBuildPhase;
			buildActionMask = 2147483647;
			files = (
				CEF76BD728EE77C0003D1F49 /* ViewController.swift in Sources */,
				CEF76BD328EE77C0003D1F49 /* AppDelegate.swift in Sources */,
				CEF76BD528EE77C0003D1F49 /* SceneDelegate.swift in Sources */,
			);
			runOnlyForDeploymentPostprocessing = 0;
		};
		CEF76BE128EE77C2003D1F49 /* Sources */ = {
			isa = PBXSourcesBuildPhase;
			buildActionMask = 2147483647;
			files = (
				CEF76BEA28EE77C2003D1F49 /* SampleroTests.swift in Sources */,
			);
			runOnlyForDeploymentPostprocessing = 0;
		};
		CEF76BEB28EE77C2003D1F49 /* Sources */ = {
			isa = PBXSourcesBuildPhase;
			buildActionMask = 2147483647;
			files = (
				CEF76BF628EE77C2003D1F49 /* SampleroUITestsLaunchTests.swift in Sources */,
				CEF76BF428EE77C2003D1F49 /* SampleroUITests.swift in Sources */,
			);
			runOnlyForDeploymentPostprocessing = 0;
		};
/* End PBXSourcesBuildPhase section */

/* Begin PBXTargetDependency section */
		CEF76BE728EE77C2003D1F49 /* PBXTargetDependency */ = {
			isa = PBXTargetDependency;
			target = CEF76BCE28EE77C0003D1F49 /* Samplero */;
			targetProxy = CEF76BE628EE77C2003D1F49 /* PBXContainerItemProxy */;
		};
		CEF76BF128EE77C2003D1F49 /* PBXTargetDependency */ = {
			isa = PBXTargetDependency;
			target = CEF76BCE28EE77C0003D1F49 /* Samplero */;
			targetProxy = CEF76BF028EE77C2003D1F49 /* PBXContainerItemProxy */;
		};
/* End PBXTargetDependency section */

/* Begin PBXVariantGroup section */
		CEF76BD828EE77C0003D1F49 /* Main.storyboard */ = {
			isa = PBXVariantGroup;
			children = (
				CEF76BD928EE77C0003D1F49 /* Base */,
			);
			name = Main.storyboard;
			sourceTree = "<group>";
		};
		CEF76BDD28EE77C1003D1F49 /* LaunchScreen.storyboard */ = {
			isa = PBXVariantGroup;
			children = (
				CEF76BDE28EE77C1003D1F49 /* Base */,
			);
			name = LaunchScreen.storyboard;
			sourceTree = "<group>";
		};
/* End PBXVariantGroup section */

/* Begin XCBuildConfiguration section */
		CEF76BF728EE77C2003D1F49 /* Debug */ = {
			isa = XCBuildConfiguration;
			buildSettings = {
				ALWAYS_SEARCH_USER_PATHS = NO;
				CLANG_ANALYZER_NONNULL = YES;
				CLANG_ANALYZER_NUMBER_OBJECT_CONVERSION = YES_AGGRESSIVE;
				CLANG_CXX_LANGUAGE_STANDARD = "gnu++20";
				CLANG_ENABLE_MODULES = YES;
				CLANG_ENABLE_OBJC_ARC = YES;
				CLANG_ENABLE_OBJC_WEAK = YES;
				CLANG_WARN_BLOCK_CAPTURE_AUTORELEASING = YES;
				CLANG_WARN_BOOL_CONVERSION = YES;
				CLANG_WARN_COMMA = YES;
				CLANG_WARN_CONSTANT_CONVERSION = YES;
				CLANG_WARN_DEPRECATED_OBJC_IMPLEMENTATIONS = YES;
				CLANG_WARN_DIRECT_OBJC_ISA_USAGE = YES_ERROR;
				CLANG_WARN_DOCUMENTATION_COMMENTS = YES;
				CLANG_WARN_EMPTY_BODY = YES;
				CLANG_WARN_ENUM_CONVERSION = YES;
				CLANG_WARN_INFINITE_RECURSION = YES;
				CLANG_WARN_INT_CONVERSION = YES;
				CLANG_WARN_NON_LITERAL_NULL_CONVERSION = YES;
				CLANG_WARN_OBJC_IMPLICIT_RETAIN_SELF = YES;
				CLANG_WARN_OBJC_LITERAL_CONVERSION = YES;
				CLANG_WARN_OBJC_ROOT_CLASS = YES_ERROR;
				CLANG_WARN_QUOTED_INCLUDE_IN_FRAMEWORK_HEADER = YES;
				CLANG_WARN_RANGE_LOOP_ANALYSIS = YES;
				CLANG_WARN_STRICT_PROTOTYPES = YES;
				CLANG_WARN_SUSPICIOUS_MOVE = YES;
				CLANG_WARN_UNGUARDED_AVAILABILITY = YES_AGGRESSIVE;
				CLANG_WARN_UNREACHABLE_CODE = YES;
				CLANG_WARN__DUPLICATE_METHOD_MATCH = YES;
				COPY_PHASE_STRIP = NO;
				DEBUG_INFORMATION_FORMAT = dwarf;
				ENABLE_STRICT_OBJC_MSGSEND = YES;
				ENABLE_TESTABILITY = YES;
				GCC_C_LANGUAGE_STANDARD = gnu11;
				GCC_DYNAMIC_NO_PIC = NO;
				GCC_NO_COMMON_BLOCKS = YES;
				GCC_OPTIMIZATION_LEVEL = 0;
				GCC_PREPROCESSOR_DEFINITIONS = (
					"DEBUG=1",
					"$(inherited)",
				);
				GCC_WARN_64_TO_32_BIT_CONVERSION = YES;
				GCC_WARN_ABOUT_RETURN_TYPE = YES_ERROR;
				GCC_WARN_UNDECLARED_SELECTOR = YES;
				GCC_WARN_UNINITIALIZED_AUTOS = YES_AGGRESSIVE;
				GCC_WARN_UNUSED_FUNCTION = YES;
				GCC_WARN_UNUSED_VARIABLE = YES;
				IPHONEOS_DEPLOYMENT_TARGET = 16.0;
				MTL_ENABLE_DEBUG_INFO = INCLUDE_SOURCE;
				MTL_FAST_MATH = YES;
				ONLY_ACTIVE_ARCH = YES;
				SDKROOT = iphoneos;
				SWIFT_ACTIVE_COMPILATION_CONDITIONS = DEBUG;
				SWIFT_OPTIMIZATION_LEVEL = "-Onone";
			};
			name = Debug;
		};
		CEF76BF828EE77C2003D1F49 /* Release */ = {
			isa = XCBuildConfiguration;
			buildSettings = {
				ALWAYS_SEARCH_USER_PATHS = NO;
				CLANG_ANALYZER_NONNULL = YES;
				CLANG_ANALYZER_NUMBER_OBJECT_CONVERSION = YES_AGGRESSIVE;
				CLANG_CXX_LANGUAGE_STANDARD = "gnu++20";
				CLANG_ENABLE_MODULES = YES;
				CLANG_ENABLE_OBJC_ARC = YES;
				CLANG_ENABLE_OBJC_WEAK = YES;
				CLANG_WARN_BLOCK_CAPTURE_AUTORELEASING = YES;
				CLANG_WARN_BOOL_CONVERSION = YES;
				CLANG_WARN_COMMA = YES;
				CLANG_WARN_CONSTANT_CONVERSION = YES;
				CLANG_WARN_DEPRECATED_OBJC_IMPLEMENTATIONS = YES;
				CLANG_WARN_DIRECT_OBJC_ISA_USAGE = YES_ERROR;
				CLANG_WARN_DOCUMENTATION_COMMENTS = YES;
				CLANG_WARN_EMPTY_BODY = YES;
				CLANG_WARN_ENUM_CONVERSION = YES;
				CLANG_WARN_INFINITE_RECURSION = YES;
				CLANG_WARN_INT_CONVERSION = YES;
				CLANG_WARN_NON_LITERAL_NULL_CONVERSION = YES;
				CLANG_WARN_OBJC_IMPLICIT_RETAIN_SELF = YES;
				CLANG_WARN_OBJC_LITERAL_CONVERSION = YES;
				CLANG_WARN_OBJC_ROOT_CLASS = YES_ERROR;
				CLANG_WARN_QUOTED_INCLUDE_IN_FRAMEWORK_HEADER = YES;
				CLANG_WARN_RANGE_LOOP_ANALYSIS = YES;
				CLANG_WARN_STRICT_PROTOTYPES = YES;
				CLANG_WARN_SUSPICIOUS_MOVE = YES;
				CLANG_WARN_UNGUARDED_AVAILABILITY = YES_AGGRESSIVE;
				CLANG_WARN_UNREACHABLE_CODE = YES;
				CLANG_WARN__DUPLICATE_METHOD_MATCH = YES;
				COPY_PHASE_STRIP = NO;
				DEBUG_INFORMATION_FORMAT = "dwarf-with-dsym";
				ENABLE_NS_ASSERTIONS = NO;
				ENABLE_STRICT_OBJC_MSGSEND = YES;
				GCC_C_LANGUAGE_STANDARD = gnu11;
				GCC_NO_COMMON_BLOCKS = YES;
				GCC_WARN_64_TO_32_BIT_CONVERSION = YES;
				GCC_WARN_ABOUT_RETURN_TYPE = YES_ERROR;
				GCC_WARN_UNDECLARED_SELECTOR = YES;
				GCC_WARN_UNINITIALIZED_AUTOS = YES_AGGRESSIVE;
				GCC_WARN_UNUSED_FUNCTION = YES;
				GCC_WARN_UNUSED_VARIABLE = YES;
				IPHONEOS_DEPLOYMENT_TARGET = 16.0;
				MTL_ENABLE_DEBUG_INFO = NO;
				MTL_FAST_MATH = YES;
				SDKROOT = iphoneos;
				SWIFT_COMPILATION_MODE = wholemodule;
				SWIFT_OPTIMIZATION_LEVEL = "-O";
				VALIDATE_PRODUCT = YES;
			};
			name = Release;
		};
		CEF76BFA28EE77C2003D1F49 /* Debug */ = {
			isa = XCBuildConfiguration;
			buildSettings = {
				ASSETCATALOG_COMPILER_APPICON_NAME = AppIcon;
				ASSETCATALOG_COMPILER_GLOBAL_ACCENT_COLOR_NAME = AccentColor;
				CODE_SIGN_STYLE = Automatic;
				CURRENT_PROJECT_VERSION = 1;
				DEVELOPMENT_TEAM = 744MUUC77P;
				GENERATE_INFOPLIST_FILE = YES;
				INFOPLIST_FILE = Samplero/Info.plist;
				INFOPLIST_KEY_UIApplicationSupportsIndirectInputEvents = YES;
				INFOPLIST_KEY_UILaunchStoryboardName = LaunchScreen;
				INFOPLIST_KEY_UIMainStoryboardFile = Main;
				INFOPLIST_KEY_UISupportedInterfaceOrientations = UIInterfaceOrientationPortrait;
				INFOPLIST_KEY_UISupportedInterfaceOrientations_iPad = "UIInterfaceOrientationLandscapeLeft UIInterfaceOrientationLandscapeRight UIInterfaceOrientationPortrait UIInterfaceOrientationPortraitUpsideDown";
				IPHONEOS_DEPLOYMENT_TARGET = 14.0;
				LD_RUNPATH_SEARCH_PATHS = (
					"$(inherited)",
					"@executable_path/Frameworks",
				);
				MARKETING_VERSION = 1.0;
				PRODUCT_BUNDLE_IDENTIFIER = com.fourfour.Samplero;
				PRODUCT_NAME = "$(TARGET_NAME)";
				SUPPORTED_PLATFORMS = "iphoneos iphonesimulator";
				SUPPORTS_MACCATALYST = NO;
				SUPPORTS_MAC_DESIGNED_FOR_IPHONE_IPAD = NO;
				SWIFT_EMIT_LOC_STRINGS = YES;
				SWIFT_VERSION = 5.0;
				TARGETED_DEVICE_FAMILY = 1;
			};
			name = Debug;
		};
		CEF76BFB28EE77C2003D1F49 /* Release */ = {
			isa = XCBuildConfiguration;
			buildSettings = {
				ASSETCATALOG_COMPILER_APPICON_NAME = AppIcon;
				ASSETCATALOG_COMPILER_GLOBAL_ACCENT_COLOR_NAME = AccentColor;
				CODE_SIGN_STYLE = Automatic;
				CURRENT_PROJECT_VERSION = 1;
				DEVELOPMENT_TEAM = 744MUUC77P;
				GENERATE_INFOPLIST_FILE = YES;
				INFOPLIST_FILE = Samplero/Info.plist;
				INFOPLIST_KEY_UIApplicationSupportsIndirectInputEvents = YES;
				INFOPLIST_KEY_UILaunchStoryboardName = LaunchScreen;
				INFOPLIST_KEY_UIMainStoryboardFile = Main;
				INFOPLIST_KEY_UISupportedInterfaceOrientations = UIInterfaceOrientationPortrait;
				INFOPLIST_KEY_UISupportedInterfaceOrientations_iPad = "UIInterfaceOrientationLandscapeLeft UIInterfaceOrientationLandscapeRight UIInterfaceOrientationPortrait UIInterfaceOrientationPortraitUpsideDown";
				IPHONEOS_DEPLOYMENT_TARGET = 14.0;
				LD_RUNPATH_SEARCH_PATHS = (
					"$(inherited)",
					"@executable_path/Frameworks",
				);
				MARKETING_VERSION = 1.0;
				PRODUCT_BUNDLE_IDENTIFIER = com.fourfour.Samplero;
				PRODUCT_NAME = "$(TARGET_NAME)";
				SUPPORTED_PLATFORMS = "iphoneos iphonesimulator";
				SUPPORTS_MACCATALYST = NO;
				SUPPORTS_MAC_DESIGNED_FOR_IPHONE_IPAD = NO;
				SWIFT_EMIT_LOC_STRINGS = YES;
				SWIFT_VERSION = 5.0;
				TARGETED_DEVICE_FAMILY = 1;
			};
			name = Release;
		};
		CEF76BFD28EE77C2003D1F49 /* Debug */ = {
			isa = XCBuildConfiguration;
			buildSettings = {
				ALWAYS_EMBED_SWIFT_STANDARD_LIBRARIES = YES;
				BUNDLE_LOADER = "$(TEST_HOST)";
				CODE_SIGN_STYLE = Automatic;
				CURRENT_PROJECT_VERSION = 1;
				DEVELOPMENT_TEAM = 744MUUC77P;
				GENERATE_INFOPLIST_FILE = YES;
				IPHONEOS_DEPLOYMENT_TARGET = 16.0;
				MARKETING_VERSION = 1.0;
				PRODUCT_BUNDLE_IDENTIFIER = com.fourfour.SampleroTests;
				PRODUCT_NAME = "$(TARGET_NAME)";
				SWIFT_EMIT_LOC_STRINGS = NO;
				SWIFT_VERSION = 5.0;
				TARGETED_DEVICE_FAMILY = "1,2";
				TEST_HOST = "$(BUILT_PRODUCTS_DIR)/Samplero.app/$(BUNDLE_EXECUTABLE_FOLDER_PATH)/Samplero";
			};
			name = Debug;
		};
		CEF76BFE28EE77C2003D1F49 /* Release */ = {
			isa = XCBuildConfiguration;
			buildSettings = {
				ALWAYS_EMBED_SWIFT_STANDARD_LIBRARIES = YES;
				BUNDLE_LOADER = "$(TEST_HOST)";
				CODE_SIGN_STYLE = Automatic;
				CURRENT_PROJECT_VERSION = 1;
				DEVELOPMENT_TEAM = 744MUUC77P;
				GENERATE_INFOPLIST_FILE = YES;
				IPHONEOS_DEPLOYMENT_TARGET = 16.0;
				MARKETING_VERSION = 1.0;
				PRODUCT_BUNDLE_IDENTIFIER = com.fourfour.SampleroTests;
				PRODUCT_NAME = "$(TARGET_NAME)";
				SWIFT_EMIT_LOC_STRINGS = NO;
				SWIFT_VERSION = 5.0;
				TARGETED_DEVICE_FAMILY = "1,2";
				TEST_HOST = "$(BUILT_PRODUCTS_DIR)/Samplero.app/$(BUNDLE_EXECUTABLE_FOLDER_PATH)/Samplero";
			};
			name = Release;
		};
		CEF76C0028EE77C2003D1F49 /* Debug */ = {
			isa = XCBuildConfiguration;
			buildSettings = {
				ALWAYS_EMBED_SWIFT_STANDARD_LIBRARIES = YES;
				CODE_SIGN_STYLE = Automatic;
				CURRENT_PROJECT_VERSION = 1;
				DEVELOPMENT_TEAM = 744MUUC77P;
				GENERATE_INFOPLIST_FILE = YES;
				MARKETING_VERSION = 1.0;
				PRODUCT_BUNDLE_IDENTIFIER = com.fourfour.SampleroUITests;
				PRODUCT_NAME = "$(TARGET_NAME)";
				SWIFT_EMIT_LOC_STRINGS = NO;
				SWIFT_VERSION = 5.0;
				TARGETED_DEVICE_FAMILY = "1,2";
				TEST_TARGET_NAME = Samplero;
			};
			name = Debug;
		};
		CEF76C0128EE77C2003D1F49 /* Release */ = {
			isa = XCBuildConfiguration;
			buildSettings = {
				ALWAYS_EMBED_SWIFT_STANDARD_LIBRARIES = YES;
				CODE_SIGN_STYLE = Automatic;
				CURRENT_PROJECT_VERSION = 1;
				DEVELOPMENT_TEAM = 744MUUC77P;
				GENERATE_INFOPLIST_FILE = YES;
				MARKETING_VERSION = 1.0;
				PRODUCT_BUNDLE_IDENTIFIER = com.fourfour.SampleroUITests;
				PRODUCT_NAME = "$(TARGET_NAME)";
				SWIFT_EMIT_LOC_STRINGS = NO;
				SWIFT_VERSION = 5.0;
				TARGETED_DEVICE_FAMILY = "1,2";
				TEST_TARGET_NAME = Samplero;
			};
			name = Release;
		};
/* End XCBuildConfiguration section */

/* Begin XCConfigurationList section */
		CEF76BCA28EE77C0003D1F49 /* Build configuration list for PBXProject "Samplero" */ = {
			isa = XCConfigurationList;
			buildConfigurations = (
				CEF76BF728EE77C2003D1F49 /* Debug */,
				CEF76BF828EE77C2003D1F49 /* Release */,
			);
			defaultConfigurationIsVisible = 0;
			defaultConfigurationName = Release;
		};
		CEF76BF928EE77C2003D1F49 /* Build configuration list for PBXNativeTarget "Samplero" */ = {
			isa = XCConfigurationList;
			buildConfigurations = (
				CEF76BFA28EE77C2003D1F49 /* Debug */,
				CEF76BFB28EE77C2003D1F49 /* Release */,
			);
			defaultConfigurationIsVisible = 0;
			defaultConfigurationName = Release;
		};
		CEF76BFC28EE77C2003D1F49 /* Build configuration list for PBXNativeTarget "SampleroTests" */ = {
			isa = XCConfigurationList;
			buildConfigurations = (
				CEF76BFD28EE77C2003D1F49 /* Debug */,
				CEF76BFE28EE77C2003D1F49 /* Release */,
			);
			defaultConfigurationIsVisible = 0;
			defaultConfigurationName = Release;
		};
		CEF76BFF28EE77C2003D1F49 /* Build configuration list for PBXNativeTarget "SampleroUITests" */ = {
			isa = XCConfigurationList;
			buildConfigurations = (
				CEF76C0028EE77C2003D1F49 /* Debug */,
				CEF76C0128EE77C2003D1F49 /* Release */,
			);
			defaultConfigurationIsVisible = 0;
			defaultConfigurationName = Release;
		};
/* End XCConfigurationList section */
	};
	rootObject = CEF76BC728EE77C0003D1F49 /* Project object */;
}
