// !$*UTF8*$!
{
	archiveVersion = 1;
	classes = {
	};
	objectVersion = 56;
	objects = {

/* Begin PBXBuildFile section */
		210CC67B28F26F8B008191A9 /* BottomSheetInteractiveDismissalTransition.swift in Sources */ = {isa = PBXBuildFile; fileRef = 210CC67A28F26F8B008191A9 /* BottomSheetInteractiveDismissalTransition.swift */; };
		210CC67D28F26FBD008191A9 /* BottomSheetPresentationController.swift in Sources */ = {isa = PBXBuildFile; fileRef = 210CC67C28F26FBD008191A9 /* BottomSheetPresentationController.swift */; };
		210CC67F28F26FD5008191A9 /* BottomSheetTransitioningDelegate.swift in Sources */ = {isa = PBXBuildFile; fileRef = 210CC67E28F26FD5008191A9 /* BottomSheetTransitioningDelegate.swift */; };
		210CC68128F26FEF008191A9 /* BottomSheetController.swift in Sources */ = {isa = PBXBuildFile; fileRef = 210CC68028F26FEF008191A9 /* BottomSheetController.swift */; };
		210CC68328F2700C008191A9 /* GetAreaViewController.swift in Sources */ = {isa = PBXBuildFile; fileRef = 210CC68228F2700C008191A9 /* GetAreaViewController.swift */; };
		212135F928F8499E0049B28D /* PaddedButton.swift in Sources */ = {isa = PBXBuildFile; fileRef = 212135F828F8499E0049B28D /* PaddedButton.swift */; };
		212135FB28F84CC20049B28D /* EstimatedPriceView.swift in Sources */ = {isa = PBXBuildFile; fileRef = 212135FA28F84CC20049B28D /* EstimatedPriceView.swift */; };
		212135FD28F858D10049B28D /* ToBeEstimatedPriceView.swift in Sources */ = {isa = PBXBuildFile; fileRef = 212135FC28F858D10049B28D /* ToBeEstimatedPriceView.swift */; };
		212CFA7A28F65D30003D310A /* TermsViewController.swift in Sources */ = {isa = PBXBuildFile; fileRef = 212CFA7928F65D30003D310A /* TermsViewController.swift */; };
		2164307428F693F500443A1B /* CustomCheckbox.swift in Sources */ = {isa = PBXBuildFile; fileRef = 2164307328F693F500443A1B /* CustomCheckbox.swift */; };
		2164307A28F69FA600443A1B /* UIViewController+Alert.swift in Sources */ = {isa = PBXBuildFile; fileRef = 2164307928F69FA600443A1B /* UIViewController+Alert.swift */; };
		216CA5BA28F56433008C09C7 /* CustomGetSizeView.swift in Sources */ = {isa = PBXBuildFile; fileRef = 216CA5B928F56433008C09C7 /* CustomGetSizeView.swift */; };
		2188F2F928F7B434005BC322 /* PaddedLabel.swift in Sources */ = {isa = PBXBuildFile; fileRef = 2188F2F828F7B434005BC322 /* PaddedLabel.swift */; };
		2188F2FC28F7D59E005BC322 /* TermsViewModel.swift in Sources */ = {isa = PBXBuildFile; fileRef = 2188F2FB28F7D59E005BC322 /* TermsViewModel.swift */; };
		2195EA0C28F2E7C800299B39 /* UIViewController+Extension.swift in Sources */ = {isa = PBXBuildFile; fileRef = 2195EA0B28F2E7C800299B39 /* UIViewController+Extension.swift */; };
		21C81DA328F45447000E89DA /* AreaTestViewController.swift in Sources */ = {isa = PBXBuildFile; fileRef = 21C81DA228F45447000E89DA /* AreaTestViewController.swift */; };
		21ED8C5E28EFC3E40074C9A3 /* SnapKit in Frameworks */ = {isa = PBXBuildFile; productRef = 21ED8C5D28EFC3E40074C9A3 /* SnapKit */; };
		21ED8C6128EFC4130074C9A3 /* RxCocoa in Frameworks */ = {isa = PBXBuildFile; productRef = 21ED8C6028EFC4130074C9A3 /* RxCocoa */; };
		21ED8C6328EFC4130074C9A3 /* RxRelay in Frameworks */ = {isa = PBXBuildFile; productRef = 21ED8C6228EFC4130074C9A3 /* RxRelay */; };
		21ED8C6528EFC4130074C9A3 /* RxSwift in Frameworks */ = {isa = PBXBuildFile; productRef = 21ED8C6428EFC4130074C9A3 /* RxSwift */; };
		21ED8C7B28EFC77B0074C9A3 /* NSObject+Extension.swift in Sources */ = {isa = PBXBuildFile; fileRef = 21ED8C7928EFC77B0074C9A3 /* NSObject+Extension.swift */; };
		21ED8C7C28EFC77B0074C9A3 /* UITableView+Extension.swift in Sources */ = {isa = PBXBuildFile; fileRef = 21ED8C7A28EFC77B0074C9A3 /* UITableView+Extension.swift */; };
		21ED8C7F28EFC7990074C9A3 /* BaseViewController.swift in Sources */ = {isa = PBXBuildFile; fileRef = 21ED8C7D28EFC7990074C9A3 /* BaseViewController.swift */; };
		21ED8C8028EFC7990074C9A3 /* BaseTableViewCell.swift in Sources */ = {isa = PBXBuildFile; fileRef = 21ED8C7E28EFC7990074C9A3 /* BaseTableViewCell.swift */; };
		35084E4228EFEC4F00621C0D /* RxBlocking in Frameworks */ = {isa = PBXBuildFile; productRef = 35084E4128EFEC4F00621C0D /* RxBlocking */; };
		35084E4428EFEC4F00621C0D /* RxTest in Frameworks */ = {isa = PBXBuildFile; productRef = 35084E4328EFEC4F00621C0D /* RxTest */; };
		35084E4628EFEC5700621C0D /* RxBlocking in Frameworks */ = {isa = PBXBuildFile; productRef = 35084E4528EFEC5700621C0D /* RxBlocking */; };
		35084E4828EFEC5700621C0D /* RxTest in Frameworks */ = {isa = PBXBuildFile; productRef = 35084E4728EFEC5700621C0D /* RxTest */; };
		35084E4A28F0292C00621C0D /* Color+Extension.swift in Sources */ = {isa = PBXBuildFile; fileRef = 35084E4928F0292C00621C0D /* Color+Extension.swift */; };
		35084E4C28F02A9300621C0D /* ImageLiteral.swift in Sources */ = {isa = PBXBuildFile; fileRef = 35084E4B28F02A9300621C0D /* ImageLiteral.swift */; };
		35109D3328F551F500EA6F8F /* CGSize+Extension.swift in Sources */ = {isa = PBXBuildFile; fileRef = 35109D3228F551F500EA6F8F /* CGSize+Extension.swift */; };
		355CB85428F0843D001A5731 /* EstimateViewController.swift in Sources */ = {isa = PBXBuildFile; fileRef = 355CB85328F0843D001A5731 /* EstimateViewController.swift */; };
		355CB85B28F09B06001A5731 /* SampleDetailView.swift in Sources */ = {isa = PBXBuildFile; fileRef = 355CB85A28F09B06001A5731 /* SampleDetailView.swift */; };
		355CB85D28F1D15B001A5731 /* EstimateCommonStackView.swift in Sources */ = {isa = PBXBuildFile; fileRef = 355CB85C28F1D15B001A5731 /* EstimateCommonStackView.swift */; };
		355CB85F28F1D5DA001A5731 /* Sample.swift in Sources */ = {isa = PBXBuildFile; fileRef = 355CB85E28F1D5DA001A5731 /* Sample.swift */; };
		355CB86128F295A0001A5731 /* MockData.swift in Sources */ = {isa = PBXBuildFile; fileRef = 355CB86028F295A0001A5731 /* MockData.swift */; };
		355CB86828F29F57001A5731 /* SampleCollectionViewCell.swift in Sources */ = {isa = PBXBuildFile; fileRef = 355CB86728F29F57001A5731 /* SampleCollectionViewCell.swift */; };
		355CB86D28F2EFEF001A5731 /* EstimateViewModel.swift in Sources */ = {isa = PBXBuildFile; fileRef = 355CB86C28F2EFEF001A5731 /* EstimateViewModel.swift */; };
		355CB87028F2F716001A5731 /* ViewModelBindableType.swift in Sources */ = {isa = PBXBuildFile; fileRef = 355CB86E28F2F716001A5731 /* ViewModelBindableType.swift */; };
		355CB87128F2F716001A5731 /* ViewModelType.swift in Sources */ = {isa = PBXBuildFile; fileRef = 355CB86F28F2F716001A5731 /* ViewModelType.swift */; };
		35E443E728F689D800320DD6 /* ShopBasketCollectionViewCell.swift in Sources */ = {isa = PBXBuildFile; fileRef = 35E443E628F689D800320DD6 /* ShopBasketCollectionViewCell.swift */; };
		35E443E928F689FA00320DD6 /* ShopBasketViewController.swift in Sources */ = {isa = PBXBuildFile; fileRef = 35E443E828F689FA00320DD6 /* ShopBasketViewController.swift */; };
		35E443F428F692CF00320DD6 /* AmountFooterView.swift in Sources */ = {isa = PBXBuildFile; fileRef = 35E443F328F692CF00320DD6 /* AmountFooterView.swift */; };
		35E443F628F6991D00320DD6 /* AmountStackView.swift in Sources */ = {isa = PBXBuildFile; fileRef = 35E443F528F6991D00320DD6 /* AmountStackView.swift */; };
		35E443F928F6AF4D00320DD6 /* ShopBasketViewModel.swift in Sources */ = {isa = PBXBuildFile; fileRef = 35E443F828F6AF4D00320DD6 /* ShopBasketViewModel.swift */; };
		35E443FC28F6CE7C00320DD6 /* RxDataSources in Frameworks */ = {isa = PBXBuildFile; productRef = 35E443FB28F6CE7C00320DD6 /* RxDataSources */; };
		35E443FE28F85BE500320DD6 /* CheckSample.swift in Sources */ = {isa = PBXBuildFile; fileRef = 35E443FD28F85BE500320DD6 /* CheckSample.swift */; };
		35E4440228F8E9C600320DD6 /* UIFont+Extension.swift in Sources */ = {isa = PBXBuildFile; fileRef = 35E4440128F8E9C600320DD6 /* UIFont+Extension.swift */; };
		35E4440528F9D6BE00320DD6 /* Lottie in Frameworks */ = {isa = PBXBuildFile; productRef = 35E4440428F9D6BE00320DD6 /* Lottie */; };
		35E4440A28F9E30100320DD6 /* dots.json in Resources */ = {isa = PBXBuildFile; fileRef = 35E4440928F9E30100320DD6 /* dots.json */; };
		35E4440C28F9E6DA00320DD6 /* dot.json in Resources */ = {isa = PBXBuildFile; fileRef = 35E4440B28F9E6DA00320DD6 /* dot.json */; };
		B51AF42328F6E9190076F21B /* FloorSegmentation.mlmodel in Sources */ = {isa = PBXBuildFile; fileRef = B51AF42228F6E9190076F21B /* FloorSegmentation.mlmodel */; };
		B51AF43728F6EDA40076F21B /* Math.swift in Sources */ = {isa = PBXBuildFile; fileRef = B51AF42628F6EDA40076F21B /* Math.swift */; };
		B51AF43B28F6EDA40076F21B /* CGImagePropertyOrientation.swift in Sources */ = {isa = PBXBuildFile; fileRef = B51AF42A28F6EDA40076F21B /* CGImagePropertyOrientation.swift */; };
		B51AF44328F6EDA40076F21B /* CGImage+RawBytes.swift in Sources */ = {isa = PBXBuildFile; fileRef = B51AF43228F6EDA40076F21B /* CGImage+RawBytes.swift */; };
		B51AF44428F6EDA40076F21B /* MLMultiArray+Image.swift in Sources */ = {isa = PBXBuildFile; fileRef = B51AF43328F6EDA40076F21B /* MLMultiArray+Image.swift */; };
		B51AF44828F6EDB80076F21B /* UIImage+CustomExtensions.swift in Sources */ = {isa = PBXBuildFile; fileRef = B51AF44728F6EDB80076F21B /* UIImage+CustomExtensions.swift */; };
		B51AF44C28F858130076F21B /* CGImage+Resize.swift in Sources */ = {isa = PBXBuildFile; fileRef = B51AF44B28F858130076F21B /* CGImage+Resize.swift */; };
		B5EEA68629012D6800E6DA69 /* InfoPlist.strings in Resources */ = {isa = PBXBuildFile; fileRef = B5EEA68829012D6800E6DA69 /* InfoPlist.strings */; };
		CE1052E128F279DB00503ECF /* CameraViewController.swift in Sources */ = {isa = PBXBuildFile; fileRef = CE1052E028F279DB00503ECF /* CameraViewController.swift */; };
		CE13B6C728F1600B00216EB2 /* .swiftlint.yml in Resources */ = {isa = PBXBuildFile; fileRef = CE13B6C628F1600B00216EB2 /* .swiftlint.yml */; };
		CE567ACD28F8F6D000AEF5E0 /* LocalFileManager.swift in Sources */ = {isa = PBXBuildFile; fileRef = CE567ACC28F8F6D000AEF5E0 /* LocalFileManager.swift */; };
		CE567AD328F9038700AEF5E0 /* CameraViewModel.swift in Sources */ = {isa = PBXBuildFile; fileRef = CE567AD228F9038700AEF5E0 /* CameraViewModel.swift */; };
		CE567AD528F9099B00AEF5E0 /* ShopBasket.swift in Sources */ = {isa = PBXBuildFile; fileRef = CE567AD428F9099B00AEF5E0 /* ShopBasket.swift */; };
		CE6379E528F59782003ED6FA /* DBHelper.swift in Sources */ = {isa = PBXBuildFile; fileRef = CE6379E428F59782003ED6FA /* DBHelper.swift */; };
		CE6379E828F6B19C003ED6FA /* CameraHelpView.swift in Sources */ = {isa = PBXBuildFile; fileRef = CE6379E728F6B19C003ED6FA /* CameraHelpView.swift */; };
		CE9C460828F4595900890821 /* TakenPictureViewController.swift in Sources */ = {isa = PBXBuildFile; fileRef = CE9C460728F4595900890821 /* TakenPictureViewController.swift */; };
		CEF76BD328EE77C0003D1F49 /* AppDelegate.swift in Sources */ = {isa = PBXBuildFile; fileRef = CEF76BD228EE77C0003D1F49 /* AppDelegate.swift */; };
		CEF76BD528EE77C0003D1F49 /* SceneDelegate.swift in Sources */ = {isa = PBXBuildFile; fileRef = CEF76BD428EE77C0003D1F49 /* SceneDelegate.swift */; };
		CEF76BD728EE77C0003D1F49 /* MainViewController.swift in Sources */ = {isa = PBXBuildFile; fileRef = CEF76BD628EE77C0003D1F49 /* MainViewController.swift */; };
		CEF76BDA28EE77C0003D1F49 /* Main.storyboard in Resources */ = {isa = PBXBuildFile; fileRef = CEF76BD828EE77C0003D1F49 /* Main.storyboard */; };
		CEF76BDC28EE77C1003D1F49 /* Assets.xcassets in Resources */ = {isa = PBXBuildFile; fileRef = CEF76BDB28EE77C1003D1F49 /* Assets.xcassets */; };
		CEF76BDF28EE77C1003D1F49 /* LaunchScreen.storyboard in Resources */ = {isa = PBXBuildFile; fileRef = CEF76BDD28EE77C1003D1F49 /* LaunchScreen.storyboard */; };
		CEF76BEA28EE77C2003D1F49 /* SampleroTests.swift in Sources */ = {isa = PBXBuildFile; fileRef = CEF76BE928EE77C2003D1F49 /* SampleroTests.swift */; };
		CEF76BF428EE77C2003D1F49 /* SampleroUITests.swift in Sources */ = {isa = PBXBuildFile; fileRef = CEF76BF328EE77C2003D1F49 /* SampleroUITests.swift */; };
		CEF76BF628EE77C2003D1F49 /* SampleroUITestsLaunchTests.swift in Sources */ = {isa = PBXBuildFile; fileRef = CEF76BF528EE77C2003D1F49 /* SampleroUITestsLaunchTests.swift */; };
		CEFFE77A28F3C5E6007A7842 /* EstimateHistoryViewController.swift in Sources */ = {isa = PBXBuildFile; fileRef = CEFFE77928F3C5E6007A7842 /* EstimateHistoryViewController.swift */; };
		CEFFE77D28F3C689007A7842 /* EstimateHistoryCollectionViewCell.swift in Sources */ = {isa = PBXBuildFile; fileRef = CEFFE77C28F3C689007A7842 /* EstimateHistoryCollectionViewCell.swift */; };
		CEFFE77F28F3C7D4007A7842 /* UICollectionView+Extension.swift in Sources */ = {isa = PBXBuildFile; fileRef = CEFFE77E28F3C7D4007A7842 /* UICollectionView+Extension.swift */; };
		CEFFE78528F3CFF9007A7842 /* EstimateHistoryViewModel.swift in Sources */ = {isa = PBXBuildFile; fileRef = CEFFE78428F3CFF9007A7842 /* EstimateHistoryViewModel.swift */; };
		CEFFE78728F3D0E5007A7842 /* EstimateHistory.swift in Sources */ = {isa = PBXBuildFile; fileRef = CEFFE78628F3D0E5007A7842 /* EstimateHistory.swift */; };
		CEFFE78C28F3D7A3007A7842 /* BaseCollectionViewCell.swift in Sources */ = {isa = PBXBuildFile; fileRef = CEFFE78B28F3D7A3007A7842 /* BaseCollectionViewCell.swift */; };
/* End PBXBuildFile section */

/* Begin PBXContainerItemProxy section */
		CEF76BE628EE77C2003D1F49 /* PBXContainerItemProxy */ = {
			isa = PBXContainerItemProxy;
			containerPortal = CEF76BC728EE77C0003D1F49 /* Project object */;
			proxyType = 1;
			remoteGlobalIDString = CEF76BCE28EE77C0003D1F49;
			remoteInfo = Samplero;
		};
		CEF76BF028EE77C2003D1F49 /* PBXContainerItemProxy */ = {
			isa = PBXContainerItemProxy;
			containerPortal = CEF76BC728EE77C0003D1F49 /* Project object */;
			proxyType = 1;
			remoteGlobalIDString = CEF76BCE28EE77C0003D1F49;
			remoteInfo = Samplero;
		};
/* End PBXContainerItemProxy section */

/* Begin PBXFileReference section */
		210CC67A28F26F8B008191A9 /* BottomSheetInteractiveDismissalTransition.swift */ = {isa = PBXFileReference; lastKnownFileType = sourcecode.swift; path = BottomSheetInteractiveDismissalTransition.swift; sourceTree = "<group>"; };
		210CC67C28F26FBD008191A9 /* BottomSheetPresentationController.swift */ = {isa = PBXFileReference; lastKnownFileType = sourcecode.swift; path = BottomSheetPresentationController.swift; sourceTree = "<group>"; };
		210CC67E28F26FD5008191A9 /* BottomSheetTransitioningDelegate.swift */ = {isa = PBXFileReference; lastKnownFileType = sourcecode.swift; path = BottomSheetTransitioningDelegate.swift; sourceTree = "<group>"; };
		210CC68028F26FEF008191A9 /* BottomSheetController.swift */ = {isa = PBXFileReference; lastKnownFileType = sourcecode.swift; path = BottomSheetController.swift; sourceTree = "<group>"; };
		210CC68228F2700C008191A9 /* GetAreaViewController.swift */ = {isa = PBXFileReference; lastKnownFileType = sourcecode.swift; path = GetAreaViewController.swift; sourceTree = "<group>"; };
		212135F828F8499E0049B28D /* PaddedButton.swift */ = {isa = PBXFileReference; lastKnownFileType = sourcecode.swift; path = PaddedButton.swift; sourceTree = "<group>"; };
		212135FA28F84CC20049B28D /* EstimatedPriceView.swift */ = {isa = PBXFileReference; lastKnownFileType = sourcecode.swift; path = EstimatedPriceView.swift; sourceTree = "<group>"; };
		212135FC28F858D10049B28D /* ToBeEstimatedPriceView.swift */ = {isa = PBXFileReference; lastKnownFileType = sourcecode.swift; path = ToBeEstimatedPriceView.swift; sourceTree = "<group>"; };
		212CFA7928F65D30003D310A /* TermsViewController.swift */ = {isa = PBXFileReference; lastKnownFileType = sourcecode.swift; path = TermsViewController.swift; sourceTree = "<group>"; };
		2164307328F693F500443A1B /* CustomCheckbox.swift */ = {isa = PBXFileReference; lastKnownFileType = sourcecode.swift; path = CustomCheckbox.swift; sourceTree = "<group>"; };
		2164307928F69FA600443A1B /* UIViewController+Alert.swift */ = {isa = PBXFileReference; lastKnownFileType = sourcecode.swift; path = "UIViewController+Alert.swift"; sourceTree = "<group>"; };
		216CA5B928F56433008C09C7 /* CustomGetSizeView.swift */ = {isa = PBXFileReference; lastKnownFileType = sourcecode.swift; path = CustomGetSizeView.swift; sourceTree = "<group>"; };
		2188F2F828F7B434005BC322 /* PaddedLabel.swift */ = {isa = PBXFileReference; lastKnownFileType = sourcecode.swift; path = PaddedLabel.swift; sourceTree = "<group>"; };
		2188F2FB28F7D59E005BC322 /* TermsViewModel.swift */ = {isa = PBXFileReference; lastKnownFileType = sourcecode.swift; path = TermsViewModel.swift; sourceTree = "<group>"; };
		2195EA0B28F2E7C800299B39 /* UIViewController+Extension.swift */ = {isa = PBXFileReference; lastKnownFileType = sourcecode.swift; path = "UIViewController+Extension.swift"; sourceTree = "<group>"; };
		21C81DA228F45447000E89DA /* AreaTestViewController.swift */ = {isa = PBXFileReference; lastKnownFileType = sourcecode.swift; path = AreaTestViewController.swift; sourceTree = "<group>"; };
		21ED8C7928EFC77B0074C9A3 /* NSObject+Extension.swift */ = {isa = PBXFileReference; fileEncoding = 4; lastKnownFileType = sourcecode.swift; path = "NSObject+Extension.swift"; sourceTree = "<group>"; };
		21ED8C7A28EFC77B0074C9A3 /* UITableView+Extension.swift */ = {isa = PBXFileReference; fileEncoding = 4; lastKnownFileType = sourcecode.swift; path = "UITableView+Extension.swift"; sourceTree = "<group>"; };
		21ED8C7D28EFC7990074C9A3 /* BaseViewController.swift */ = {isa = PBXFileReference; fileEncoding = 4; lastKnownFileType = sourcecode.swift; path = BaseViewController.swift; sourceTree = "<group>"; };
		21ED8C7E28EFC7990074C9A3 /* BaseTableViewCell.swift */ = {isa = PBXFileReference; fileEncoding = 4; lastKnownFileType = sourcecode.swift; path = BaseTableViewCell.swift; sourceTree = "<group>"; };
		35084E4928F0292C00621C0D /* Color+Extension.swift */ = {isa = PBXFileReference; lastKnownFileType = sourcecode.swift; path = "Color+Extension.swift"; sourceTree = "<group>"; };
		35084E4B28F02A9300621C0D /* ImageLiteral.swift */ = {isa = PBXFileReference; fileEncoding = 4; lastKnownFileType = sourcecode.swift; path = ImageLiteral.swift; sourceTree = "<group>"; };
		35109D3228F551F500EA6F8F /* CGSize+Extension.swift */ = {isa = PBXFileReference; lastKnownFileType = sourcecode.swift; path = "CGSize+Extension.swift"; sourceTree = "<group>"; };
		355CB85328F0843D001A5731 /* EstimateViewController.swift */ = {isa = PBXFileReference; lastKnownFileType = sourcecode.swift; path = EstimateViewController.swift; sourceTree = "<group>"; };
		355CB85A28F09B06001A5731 /* SampleDetailView.swift */ = {isa = PBXFileReference; lastKnownFileType = sourcecode.swift; path = SampleDetailView.swift; sourceTree = "<group>"; };
		355CB85C28F1D15B001A5731 /* EstimateCommonStackView.swift */ = {isa = PBXFileReference; lastKnownFileType = sourcecode.swift; path = EstimateCommonStackView.swift; sourceTree = "<group>"; };
		355CB85E28F1D5DA001A5731 /* Sample.swift */ = {isa = PBXFileReference; lastKnownFileType = sourcecode.swift; path = Sample.swift; sourceTree = "<group>"; };
		355CB86028F295A0001A5731 /* MockData.swift */ = {isa = PBXFileReference; lastKnownFileType = sourcecode.swift; path = MockData.swift; sourceTree = "<group>"; };
		355CB86728F29F57001A5731 /* SampleCollectionViewCell.swift */ = {isa = PBXFileReference; lastKnownFileType = sourcecode.swift; path = SampleCollectionViewCell.swift; sourceTree = "<group>"; };
		355CB86C28F2EFEF001A5731 /* EstimateViewModel.swift */ = {isa = PBXFileReference; lastKnownFileType = sourcecode.swift; path = EstimateViewModel.swift; sourceTree = "<group>"; };
		355CB86E28F2F716001A5731 /* ViewModelBindableType.swift */ = {isa = PBXFileReference; fileEncoding = 4; lastKnownFileType = sourcecode.swift; path = ViewModelBindableType.swift; sourceTree = "<group>"; };
		355CB86F28F2F716001A5731 /* ViewModelType.swift */ = {isa = PBXFileReference; fileEncoding = 4; lastKnownFileType = sourcecode.swift; path = ViewModelType.swift; sourceTree = "<group>"; };
		35E443E628F689D800320DD6 /* ShopBasketCollectionViewCell.swift */ = {isa = PBXFileReference; lastKnownFileType = sourcecode.swift; path = ShopBasketCollectionViewCell.swift; sourceTree = "<group>"; };
		35E443E828F689FA00320DD6 /* ShopBasketViewController.swift */ = {isa = PBXFileReference; lastKnownFileType = sourcecode.swift; path = ShopBasketViewController.swift; sourceTree = "<group>"; };
		35E443F328F692CF00320DD6 /* AmountFooterView.swift */ = {isa = PBXFileReference; lastKnownFileType = sourcecode.swift; path = AmountFooterView.swift; sourceTree = "<group>"; };
		35E443F528F6991D00320DD6 /* AmountStackView.swift */ = {isa = PBXFileReference; lastKnownFileType = sourcecode.swift; path = AmountStackView.swift; sourceTree = "<group>"; };
		35E443F828F6AF4D00320DD6 /* ShopBasketViewModel.swift */ = {isa = PBXFileReference; lastKnownFileType = sourcecode.swift; path = ShopBasketViewModel.swift; sourceTree = "<group>"; };
		35E443FD28F85BE500320DD6 /* CheckSample.swift */ = {isa = PBXFileReference; lastKnownFileType = sourcecode.swift; path = CheckSample.swift; sourceTree = "<group>"; };
		35E4440128F8E9C600320DD6 /* UIFont+Extension.swift */ = {isa = PBXFileReference; lastKnownFileType = sourcecode.swift; path = "UIFont+Extension.swift"; sourceTree = "<group>"; };
		35E4440928F9E30100320DD6 /* dots.json */ = {isa = PBXFileReference; fileEncoding = 4; lastKnownFileType = text.json; path = dots.json; sourceTree = "<group>"; };
		35E4440B28F9E6DA00320DD6 /* dot.json */ = {isa = PBXFileReference; fileEncoding = 4; lastKnownFileType = text.json; path = dot.json; sourceTree = "<group>"; };
		B51AF42228F6E9190076F21B /* FloorSegmentation.mlmodel */ = {isa = PBXFileReference; lastKnownFileType = file.mlmodel; path = FloorSegmentation.mlmodel; sourceTree = "<group>"; };
		B51AF42628F6EDA40076F21B /* Math.swift */ = {isa = PBXFileReference; fileEncoding = 4; lastKnownFileType = sourcecode.swift; path = Math.swift; sourceTree = "<group>"; };
		B51AF42A28F6EDA40076F21B /* CGImagePropertyOrientation.swift */ = {isa = PBXFileReference; fileEncoding = 4; lastKnownFileType = sourcecode.swift; path = CGImagePropertyOrientation.swift; sourceTree = "<group>"; };
		B51AF43228F6EDA40076F21B /* CGImage+RawBytes.swift */ = {isa = PBXFileReference; fileEncoding = 4; lastKnownFileType = sourcecode.swift; path = "CGImage+RawBytes.swift"; sourceTree = "<group>"; };
		B51AF43328F6EDA40076F21B /* MLMultiArray+Image.swift */ = {isa = PBXFileReference; fileEncoding = 4; lastKnownFileType = sourcecode.swift; path = "MLMultiArray+Image.swift"; sourceTree = "<group>"; };
		B51AF44728F6EDB80076F21B /* UIImage+CustomExtensions.swift */ = {isa = PBXFileReference; fileEncoding = 4; lastKnownFileType = sourcecode.swift; path = "UIImage+CustomExtensions.swift"; sourceTree = "<group>"; };
		B51AF44B28F858130076F21B /* CGImage+Resize.swift */ = {isa = PBXFileReference; lastKnownFileType = sourcecode.swift; path = "CGImage+Resize.swift"; sourceTree = "<group>"; };
		B5EEA68229012D3100E6DA69 /* ko */ = {isa = PBXFileReference; lastKnownFileType = text.plist.strings; name = ko; path = ko.lproj/Main.strings; sourceTree = "<group>"; };
		B5EEA68329012D3100E6DA69 /* ko */ = {isa = PBXFileReference; lastKnownFileType = text.plist.strings; name = ko; path = ko.lproj/LaunchScreen.strings; sourceTree = "<group>"; };
		B5EEA68729012D6800E6DA69 /* en */ = {isa = PBXFileReference; lastKnownFileType = text.plist.strings; name = en; path = en.lproj/InfoPlist.strings; sourceTree = "<group>"; };
		B5EEA68929012D6E00E6DA69 /* ko */ = {isa = PBXFileReference; lastKnownFileType = text.plist.strings; name = ko; path = ko.lproj/InfoPlist.strings; sourceTree = "<group>"; };
		CE1052E028F279DB00503ECF /* CameraViewController.swift */ = {isa = PBXFileReference; lastKnownFileType = sourcecode.swift; path = CameraViewController.swift; sourceTree = "<group>"; };
		CE13B6C628F1600B00216EB2 /* .swiftlint.yml */ = {isa = PBXFileReference; fileEncoding = 4; lastKnownFileType = text.yaml; path = .swiftlint.yml; sourceTree = "<group>"; };
		CE567ACC28F8F6D000AEF5E0 /* LocalFileManager.swift */ = {isa = PBXFileReference; fileEncoding = 4; lastKnownFileType = sourcecode.swift; path = LocalFileManager.swift; sourceTree = "<group>"; };
		CE567AD228F9038700AEF5E0 /* CameraViewModel.swift */ = {isa = PBXFileReference; lastKnownFileType = sourcecode.swift; path = CameraViewModel.swift; sourceTree = "<group>"; };
		CE567AD428F9099B00AEF5E0 /* ShopBasket.swift */ = {isa = PBXFileReference; lastKnownFileType = sourcecode.swift; path = ShopBasket.swift; sourceTree = "<group>"; };
		CE6379E428F59782003ED6FA /* DBHelper.swift */ = {isa = PBXFileReference; lastKnownFileType = sourcecode.swift; path = DBHelper.swift; sourceTree = "<group>"; };
		CE6379E728F6B19C003ED6FA /* CameraHelpView.swift */ = {isa = PBXFileReference; lastKnownFileType = sourcecode.swift; path = CameraHelpView.swift; sourceTree = "<group>"; };
		CE9C460728F4595900890821 /* TakenPictureViewController.swift */ = {isa = PBXFileReference; lastKnownFileType = sourcecode.swift; path = TakenPictureViewController.swift; sourceTree = "<group>"; };
		CEF76BCF28EE77C0003D1F49 /* Samplero.app */ = {isa = PBXFileReference; explicitFileType = wrapper.application; includeInIndex = 0; path = Samplero.app; sourceTree = BUILT_PRODUCTS_DIR; };
		CEF76BD228EE77C0003D1F49 /* AppDelegate.swift */ = {isa = PBXFileReference; lastKnownFileType = sourcecode.swift; path = AppDelegate.swift; sourceTree = "<group>"; };
		CEF76BD428EE77C0003D1F49 /* SceneDelegate.swift */ = {isa = PBXFileReference; lastKnownFileType = sourcecode.swift; path = SceneDelegate.swift; sourceTree = "<group>"; };
		CEF76BD628EE77C0003D1F49 /* MainViewController.swift */ = {isa = PBXFileReference; lastKnownFileType = sourcecode.swift; path = MainViewController.swift; sourceTree = "<group>"; };
		CEF76BD928EE77C0003D1F49 /* Base */ = {isa = PBXFileReference; lastKnownFileType = file.storyboard; name = Base; path = Base.lproj/Main.storyboard; sourceTree = "<group>"; };
		CEF76BDB28EE77C1003D1F49 /* Assets.xcassets */ = {isa = PBXFileReference; lastKnownFileType = folder.assetcatalog; path = Assets.xcassets; sourceTree = "<group>"; };
		CEF76BDE28EE77C1003D1F49 /* Base */ = {isa = PBXFileReference; lastKnownFileType = file.storyboard; name = Base; path = Base.lproj/LaunchScreen.storyboard; sourceTree = "<group>"; };
		CEF76BE028EE77C1003D1F49 /* Info.plist */ = {isa = PBXFileReference; lastKnownFileType = text.plist.xml; path = Info.plist; sourceTree = "<group>"; };
		CEF76BE528EE77C2003D1F49 /* SampleroTests.xctest */ = {isa = PBXFileReference; explicitFileType = wrapper.cfbundle; includeInIndex = 0; path = SampleroTests.xctest; sourceTree = BUILT_PRODUCTS_DIR; };
		CEF76BE928EE77C2003D1F49 /* SampleroTests.swift */ = {isa = PBXFileReference; lastKnownFileType = sourcecode.swift; path = SampleroTests.swift; sourceTree = "<group>"; };
		CEF76BEF28EE77C2003D1F49 /* SampleroUITests.xctest */ = {isa = PBXFileReference; explicitFileType = wrapper.cfbundle; includeInIndex = 0; path = SampleroUITests.xctest; sourceTree = BUILT_PRODUCTS_DIR; };
		CEF76BF328EE77C2003D1F49 /* SampleroUITests.swift */ = {isa = PBXFileReference; lastKnownFileType = sourcecode.swift; path = SampleroUITests.swift; sourceTree = "<group>"; };
		CEF76BF528EE77C2003D1F49 /* SampleroUITestsLaunchTests.swift */ = {isa = PBXFileReference; lastKnownFileType = sourcecode.swift; path = SampleroUITestsLaunchTests.swift; sourceTree = "<group>"; };
		CEFFE77928F3C5E6007A7842 /* EstimateHistoryViewController.swift */ = {isa = PBXFileReference; lastKnownFileType = sourcecode.swift; path = EstimateHistoryViewController.swift; sourceTree = "<group>"; };
		CEFFE77C28F3C689007A7842 /* EstimateHistoryCollectionViewCell.swift */ = {isa = PBXFileReference; lastKnownFileType = sourcecode.swift; path = EstimateHistoryCollectionViewCell.swift; sourceTree = "<group>"; };
		CEFFE77E28F3C7D4007A7842 /* UICollectionView+Extension.swift */ = {isa = PBXFileReference; lastKnownFileType = sourcecode.swift; path = "UICollectionView+Extension.swift"; sourceTree = "<group>"; };
		CEFFE78428F3CFF9007A7842 /* EstimateHistoryViewModel.swift */ = {isa = PBXFileReference; lastKnownFileType = sourcecode.swift; path = EstimateHistoryViewModel.swift; sourceTree = "<group>"; };
		CEFFE78628F3D0E5007A7842 /* EstimateHistory.swift */ = {isa = PBXFileReference; lastKnownFileType = sourcecode.swift; path = EstimateHistory.swift; sourceTree = "<group>"; };
		CEFFE78B28F3D7A3007A7842 /* BaseCollectionViewCell.swift */ = {isa = PBXFileReference; lastKnownFileType = sourcecode.swift; path = BaseCollectionViewCell.swift; sourceTree = "<group>"; };
/* End PBXFileReference section */

/* Begin PBXFrameworksBuildPhase section */
		CEF76BCC28EE77C0003D1F49 /* Frameworks */ = {
			isa = PBXFrameworksBuildPhase;
			buildActionMask = 2147483647;
			files = (
				21ED8C6328EFC4130074C9A3 /* RxRelay in Frameworks */,
				21ED8C6128EFC4130074C9A3 /* RxCocoa in Frameworks */,
				21ED8C6528EFC4130074C9A3 /* RxSwift in Frameworks */,
				35E443FC28F6CE7C00320DD6 /* RxDataSources in Frameworks */,
				21ED8C5E28EFC3E40074C9A3 /* SnapKit in Frameworks */,
				35E4440528F9D6BE00320DD6 /* Lottie in Frameworks */,
			);
			runOnlyForDeploymentPostprocessing = 0;
		};
		CEF76BE228EE77C2003D1F49 /* Frameworks */ = {
			isa = PBXFrameworksBuildPhase;
			buildActionMask = 2147483647;
			files = (
				35084E4428EFEC4F00621C0D /* RxTest in Frameworks */,
				35084E4228EFEC4F00621C0D /* RxBlocking in Frameworks */,
			);
			runOnlyForDeploymentPostprocessing = 0;
		};
		CEF76BEC28EE77C2003D1F49 /* Frameworks */ = {
			isa = PBXFrameworksBuildPhase;
			buildActionMask = 2147483647;
			files = (
				35084E4828EFEC5700621C0D /* RxTest in Frameworks */,
				35084E4628EFEC5700621C0D /* RxBlocking in Frameworks */,
			);
			runOnlyForDeploymentPostprocessing = 0;
		};
/* End PBXFrameworksBuildPhase section */

/* Begin PBXGroup section */
		210CC68628F29D71008191A9 /* Calculation */ = {
			isa = PBXGroup;
			children = (
				210CC68228F2700C008191A9 /* GetAreaViewController.swift */,
				216CA5B928F56433008C09C7 /* CustomGetSizeView.swift */,
				210CC68028F26FEF008191A9 /* BottomSheetController.swift */,
				210CC67E28F26FD5008191A9 /* BottomSheetTransitioningDelegate.swift */,
				210CC67C28F26FBD008191A9 /* BottomSheetPresentationController.swift */,
				210CC67A28F26F8B008191A9 /* BottomSheetInteractiveDismissalTransition.swift */,
				21C81DA228F45447000E89DA /* AreaTestViewController.swift */,
				212135FA28F84CC20049B28D /* EstimatedPriceView.swift */,
				212135FC28F858D10049B28D /* ToBeEstimatedPriceView.swift */,
			);
			path = Calculation;
			sourceTree = "<group>";
		};
		212CFA7728F65D09003D310A /* TermsAndConditions */ = {
			isa = PBXGroup;
			children = (
				2188F2FA28F7D590005BC322 /* ViewModel */,
				212CFA7828F65D14003D310A /* View */,
			);
			path = TermsAndConditions;
			sourceTree = "<group>";
		};
		212CFA7828F65D14003D310A /* View */ = {
			isa = PBXGroup;
			children = (
				212CFA7928F65D30003D310A /* TermsViewController.swift */,
				2164307328F693F500443A1B /* CustomCheckbox.swift */,
			);
			path = View;
			sourceTree = "<group>";
		};
		2188F2FA28F7D590005BC322 /* ViewModel */ = {
			isa = PBXGroup;
			children = (
				2188F2FB28F7D59E005BC322 /* TermsViewModel.swift */,
			);
			path = ViewModel;
			sourceTree = "<group>";
		};
		21ED8C6828EFC63A0074C9A3 /* Model */ = {
			isa = PBXGroup;
			children = (
				CEFFE78628F3D0E5007A7842 /* EstimateHistory.swift */,
				355CB86028F295A0001A5731 /* MockData.swift */,
				355CB85E28F1D5DA001A5731 /* Sample.swift */,
				CE567AD428F9099B00AEF5E0 /* ShopBasket.swift */,
				35E443FD28F85BE500320DD6 /* CheckSample.swift */,
			);
			path = Model;
			sourceTree = "<group>";
		};
		21ED8C6A28EFC6460074C9A3 /* Global */ = {
			isa = PBXGroup;
			children = (
				CE567AC928F8F69E00AEF5E0 /* Utility */,
				21ED8C7128EFC66B0074C9A3 /* Service */,
				21ED8C7228EFC6710074C9A3 /* Literal */,
				21ED8C7828EFC68F0074C9A3 /* Resource */,
				21ED8C7728EFC6890074C9A3 /* Support */,
				21ED8C7628EFC6840074C9A3 /* UIComponent */,
				21ED8C7528EFC6800074C9A3 /* Extension */,
				21ED8C7428EFC67C0074C9A3 /* Protocol */,
				21ED8C7328EFC6760074C9A3 /* Base */,
			);
			path = Global;
			sourceTree = "<group>";
		};
		21ED8C6B28EFC64C0074C9A3 /* Screen */ = {
			isa = PBXGroup;
			children = (
				35E443E328F6899400320DD6 /* ShopBasket */,
				212CFA7728F65D09003D310A /* TermsAndConditions */,
				CE9C460628F4592E00890821 /* TakenPicture */,
				CE1052DD28F279A900503ECF /* Camera */,
				210CC68628F29D71008191A9 /* Calculation */,
				CEFFE77828F3C5BE007A7842 /* EstimateHistory */,
				355CB85228F08427001A5731 /* Estimate */,
				21ED8C6C28EFC6510074C9A3 /* Main */,
			);
			path = Screen;
			sourceTree = "<group>";
		};
		21ED8C6C28EFC6510074C9A3 /* Main */ = {
			isa = PBXGroup;
			children = (
				CEF76BD628EE77C0003D1F49 /* MainViewController.swift */,
				21ED8C7028EFC6660074C9A3 /* ViewModel */,
				21ED8C6D28EFC65A0074C9A3 /* View */,
			);
			path = Main;
			sourceTree = "<group>";
		};
		21ED8C6D28EFC65A0074C9A3 /* View */ = {
			isa = PBXGroup;
			children = (
				21ED8C6F28EFC6620074C9A3 /* Cell */,
				21ED8C6E28EFC65D0074C9A3 /* Component */,
			);
			path = View;
			sourceTree = "<group>";
		};
		21ED8C6E28EFC65D0074C9A3 /* Component */ = {
			isa = PBXGroup;
			children = (
			);
			path = Component;
			sourceTree = "<group>";
		};
		21ED8C6F28EFC6620074C9A3 /* Cell */ = {
			isa = PBXGroup;
			children = (
			);
			path = Cell;
			sourceTree = "<group>";
		};
		21ED8C7028EFC6660074C9A3 /* ViewModel */ = {
			isa = PBXGroup;
			children = (
			);
			path = ViewModel;
			sourceTree = "<group>";
		};
		21ED8C7128EFC66B0074C9A3 /* Service */ = {
			isa = PBXGroup;
			children = (
				CE6379E428F59782003ED6FA /* DBHelper.swift */,
			);
			path = Service;
			sourceTree = "<group>";
		};
		21ED8C7228EFC6710074C9A3 /* Literal */ = {
			isa = PBXGroup;
			children = (
				35084E4B28F02A9300621C0D /* ImageLiteral.swift */,
			);
			path = Literal;
			sourceTree = "<group>";
		};
		21ED8C7328EFC6760074C9A3 /* Base */ = {
			isa = PBXGroup;
			children = (
				21ED8C7E28EFC7990074C9A3 /* BaseTableViewCell.swift */,
				21ED8C7D28EFC7990074C9A3 /* BaseViewController.swift */,
				CEFFE78B28F3D7A3007A7842 /* BaseCollectionViewCell.swift */,
			);
			path = Base;
			sourceTree = "<group>";
		};
		21ED8C7428EFC67C0074C9A3 /* Protocol */ = {
			isa = PBXGroup;
			children = (
				355CB86E28F2F716001A5731 /* ViewModelBindableType.swift */,
				355CB86F28F2F716001A5731 /* ViewModelType.swift */,
			);
			path = Protocol;
			sourceTree = "<group>";
		};
		21ED8C7528EFC6800074C9A3 /* Extension */ = {
			isa = PBXGroup;
			children = (
				B51AF42628F6EDA40076F21B /* Math.swift */,
				B51AF42A28F6EDA40076F21B /* CGImagePropertyOrientation.swift */,
				B51AF43228F6EDA40076F21B /* CGImage+RawBytes.swift */,
				B51AF43328F6EDA40076F21B /* MLMultiArray+Image.swift */,
				B51AF44728F6EDB80076F21B /* UIImage+CustomExtensions.swift */,
				21ED8C7928EFC77B0074C9A3 /* NSObject+Extension.swift */,
				21ED8C7A28EFC77B0074C9A3 /* UITableView+Extension.swift */,
				35084E4928F0292C00621C0D /* Color+Extension.swift */,
				2195EA0B28F2E7C800299B39 /* UIViewController+Extension.swift */,
				CEFFE77E28F3C7D4007A7842 /* UICollectionView+Extension.swift */,
				35109D3228F551F500EA6F8F /* CGSize+Extension.swift */,
				2164307928F69FA600443A1B /* UIViewController+Alert.swift */,
				B51AF44B28F858130076F21B /* CGImage+Resize.swift */,
				35E4440128F8E9C600320DD6 /* UIFont+Extension.swift */,
			);
			path = Extension;
			sourceTree = "<group>";
		};
		21ED8C7628EFC6840074C9A3 /* UIComponent */ = {
			isa = PBXGroup;
			children = (
				2188F2F828F7B434005BC322 /* PaddedLabel.swift */,
				212135F828F8499E0049B28D /* PaddedButton.swift */,
			);
			path = UIComponent;
			sourceTree = "<group>";
		};
		21ED8C7728EFC6890074C9A3 /* Support */ = {
			isa = PBXGroup;
			children = (
				CEF76BD228EE77C0003D1F49 /* AppDelegate.swift */,
				CEF76BD428EE77C0003D1F49 /* SceneDelegate.swift */,
			);
			path = Support;
			sourceTree = "<group>";
		};
		21ED8C7828EFC68F0074C9A3 /* Resource */ = {
			isa = PBXGroup;
			children = (
				35E4440628F9D86200320DD6 /* Lottie */,
				B51AF42228F6E9190076F21B /* FloorSegmentation.mlmodel */,
				CEF76BD828EE77C0003D1F49 /* Main.storyboard */,
				CEF76BDD28EE77C1003D1F49 /* LaunchScreen.storyboard */,
				CEF76BDB28EE77C1003D1F49 /* Assets.xcassets */,
				B5EEA68829012D6800E6DA69 /* InfoPlist.strings */,
			);
			path = Resource;
			sourceTree = "<group>";
		};
		35084E4028EFEC4F00621C0D /* Frameworks */ = {
			isa = PBXGroup;
			children = (
			);
			name = Frameworks;
			sourceTree = "<group>";
		};
		355CB85228F08427001A5731 /* Estimate */ = {
			isa = PBXGroup;
			children = (
				355CB85728F08F7A001A5731 /* View */,
				355CB85328F0843D001A5731 /* EstimateViewController.swift */,
				355CB86B28F2EFDC001A5731 /* ViewModel */,
			);
			path = Estimate;
			sourceTree = "<group>";
		};
		355CB85728F08F7A001A5731 /* View */ = {
			isa = PBXGroup;
			children = (
				355CB86228F29E89001A5731 /* cell */,
				355CB85A28F09B06001A5731 /* SampleDetailView.swift */,
				355CB85C28F1D15B001A5731 /* EstimateCommonStackView.swift */,
			);
			path = View;
			sourceTree = "<group>";
		};
		355CB86228F29E89001A5731 /* cell */ = {
			isa = PBXGroup;
			children = (
				355CB86728F29F57001A5731 /* SampleCollectionViewCell.swift */,
			);
			path = cell;
			sourceTree = "<group>";
		};
		355CB86B28F2EFDC001A5731 /* ViewModel */ = {
			isa = PBXGroup;
			children = (
				355CB86C28F2EFEF001A5731 /* EstimateViewModel.swift */,
			);
			path = ViewModel;
			sourceTree = "<group>";
		};
		35E443E328F6899400320DD6 /* ShopBasket */ = {
			isa = PBXGroup;
			children = (
				35E443F728F6AF3F00320DD6 /* ViewModel */,
				35E443E428F689B100320DD6 /* View */,
				35E443E828F689FA00320DD6 /* ShopBasketViewController.swift */,
			);
			path = ShopBasket;
			sourceTree = "<group>";
		};
		35E443E428F689B100320DD6 /* View */ = {
			isa = PBXGroup;
			children = (
				35E443E528F689B300320DD6 /* Cell */,
				35E443F328F692CF00320DD6 /* AmountFooterView.swift */,
				35E443F528F6991D00320DD6 /* AmountStackView.swift */,
			);
			path = View;
			sourceTree = "<group>";
		};
		35E443E528F689B300320DD6 /* Cell */ = {
			isa = PBXGroup;
			children = (
				35E443E628F689D800320DD6 /* ShopBasketCollectionViewCell.swift */,
			);
			path = Cell;
			sourceTree = "<group>";
		};
		35E443F728F6AF3F00320DD6 /* ViewModel */ = {
			isa = PBXGroup;
			children = (
				35E443F828F6AF4D00320DD6 /* ShopBasketViewModel.swift */,
			);
			path = ViewModel;
			sourceTree = "<group>";
		};
		35E4440628F9D86200320DD6 /* Lottie */ = {
			isa = PBXGroup;
			children = (
				35E4440928F9E30100320DD6 /* dots.json */,
				35E4440B28F9E6DA00320DD6 /* dot.json */,
			);
			path = Lottie;
			sourceTree = "<group>";
		};
		CE1052DD28F279A900503ECF /* Camera */ = {
			isa = PBXGroup;
			children = (
				CE567AD128F9037D00AEF5E0 /* ViewModel */,
				CE6379E628F6B16A003ED6FA /* View */,
				CE1052E028F279DB00503ECF /* CameraViewController.swift */,
			);
			path = Camera;
			sourceTree = "<group>";
		};
		CE567AC928F8F69E00AEF5E0 /* Utility */ = {
			isa = PBXGroup;
			children = (
				CE567ACC28F8F6D000AEF5E0 /* LocalFileManager.swift */,
			);
			path = Utility;
			sourceTree = "<group>";
		};
		CE567AD128F9037D00AEF5E0 /* ViewModel */ = {
			isa = PBXGroup;
			children = (
				CE567AD228F9038700AEF5E0 /* CameraViewModel.swift */,
			);
			path = ViewModel;
			sourceTree = "<group>";
		};
		CE6379E628F6B16A003ED6FA /* View */ = {
			isa = PBXGroup;
			children = (
				CE6379E728F6B19C003ED6FA /* CameraHelpView.swift */,
			);
			path = View;
			sourceTree = "<group>";
		};
		CE9C460628F4592E00890821 /* TakenPicture */ = {
			isa = PBXGroup;
			children = (
				CE9C460728F4595900890821 /* TakenPictureViewController.swift */,
			);
			path = TakenPicture;
			sourceTree = "<group>";
		};
		CEF76BC628EE77C0003D1F49 = {
			isa = PBXGroup;
			children = (
				CEF76BD128EE77C0003D1F49 /* Samplero */,
				CEF76BE828EE77C2003D1F49 /* SampleroTests */,
				CEF76BF228EE77C2003D1F49 /* SampleroUITests */,
				CEF76BD028EE77C0003D1F49 /* Products */,
				35084E4028EFEC4F00621C0D /* Frameworks */,
			);
			sourceTree = "<group>";
		};
		CEF76BD028EE77C0003D1F49 /* Products */ = {
			isa = PBXGroup;
			children = (
				CEF76BCF28EE77C0003D1F49 /* Samplero.app */,
				CEF76BE528EE77C2003D1F49 /* SampleroTests.xctest */,
				CEF76BEF28EE77C2003D1F49 /* SampleroUITests.xctest */,
			);
			name = Products;
			sourceTree = "<group>";
		};
		CEF76BD128EE77C0003D1F49 /* Samplero */ = {
			isa = PBXGroup;
			children = (
				CE13B6C628F1600B00216EB2 /* .swiftlint.yml */,
				CEF76BE028EE77C1003D1F49 /* Info.plist */,
				21ED8C6828EFC63A0074C9A3 /* Model */,
				21ED8C6A28EFC6460074C9A3 /* Global */,
				21ED8C6B28EFC64C0074C9A3 /* Screen */,
			);
			path = Samplero;
			sourceTree = "<group>";
		};
		CEF76BE828EE77C2003D1F49 /* SampleroTests */ = {
			isa = PBXGroup;
			children = (
				CEF76BE928EE77C2003D1F49 /* SampleroTests.swift */,
			);
			path = SampleroTests;
			sourceTree = "<group>";
		};
		CEF76BF228EE77C2003D1F49 /* SampleroUITests */ = {
			isa = PBXGroup;
			children = (
				CEF76BF328EE77C2003D1F49 /* SampleroUITests.swift */,
				CEF76BF528EE77C2003D1F49 /* SampleroUITestsLaunchTests.swift */,
			);
			path = SampleroUITests;
			sourceTree = "<group>";
		};
		CEFFE77828F3C5BE007A7842 /* EstimateHistory */ = {
			isa = PBXGroup;
			children = (
				CEFFE77928F3C5E6007A7842 /* EstimateHistoryViewController.swift */,
				CEFFE78328F3CFDC007A7842 /* ViewModel */,
				CEFFE78228F3CFA8007A7842 /* View */,
			);
			path = EstimateHistory;
			sourceTree = "<group>";
		};
		CEFFE77B28F3C659007A7842 /* Cell */ = {
			isa = PBXGroup;
			children = (
				CEFFE77C28F3C689007A7842 /* EstimateHistoryCollectionViewCell.swift */,
			);
			path = Cell;
			sourceTree = "<group>";
		};
		CEFFE78228F3CFA8007A7842 /* View */ = {
			isa = PBXGroup;
			children = (
				CEFFE77B28F3C659007A7842 /* Cell */,
			);
			path = View;
			sourceTree = "<group>";
		};
		CEFFE78328F3CFDC007A7842 /* ViewModel */ = {
			isa = PBXGroup;
			children = (
				CEFFE78428F3CFF9007A7842 /* EstimateHistoryViewModel.swift */,
			);
			path = ViewModel;
			sourceTree = "<group>";
		};
/* End PBXGroup section */

/* Begin PBXNativeTarget section */
		CEF76BCE28EE77C0003D1F49 /* Samplero */ = {
			isa = PBXNativeTarget;
			buildConfigurationList = CEF76BF928EE77C2003D1F49 /* Build configuration list for PBXNativeTarget "Samplero" */;
			buildPhases = (
				CEF76BCB28EE77C0003D1F49 /* Sources */,
				CEF76BCC28EE77C0003D1F49 /* Frameworks */,
				CEF76BCD28EE77C0003D1F49 /* Resources */,
				CE13B6C528F15F0200216EB2 /* ShellScript */,
			);
			buildRules = (
			);
			dependencies = (
			);
			name = Samplero;
			packageProductDependencies = (
				21ED8C5D28EFC3E40074C9A3 /* SnapKit */,
				21ED8C6028EFC4130074C9A3 /* RxCocoa */,
				21ED8C6228EFC4130074C9A3 /* RxRelay */,
				21ED8C6428EFC4130074C9A3 /* RxSwift */,
				35E443FB28F6CE7C00320DD6 /* RxDataSources */,
				35E4440428F9D6BE00320DD6 /* Lottie */,
			);
			productName = Samplero;
			productReference = CEF76BCF28EE77C0003D1F49 /* Samplero.app */;
			productType = "com.apple.product-type.application";
		};
		CEF76BE428EE77C2003D1F49 /* SampleroTests */ = {
			isa = PBXNativeTarget;
			buildConfigurationList = CEF76BFC28EE77C2003D1F49 /* Build configuration list for PBXNativeTarget "SampleroTests" */;
			buildPhases = (
				CEF76BE128EE77C2003D1F49 /* Sources */,
				CEF76BE228EE77C2003D1F49 /* Frameworks */,
				CEF76BE328EE77C2003D1F49 /* Resources */,
			);
			buildRules = (
			);
			dependencies = (
				CEF76BE728EE77C2003D1F49 /* PBXTargetDependency */,
			);
			name = SampleroTests;
			packageProductDependencies = (
				35084E4128EFEC4F00621C0D /* RxBlocking */,
				35084E4328EFEC4F00621C0D /* RxTest */,
			);
			productName = SampleroTests;
			productReference = CEF76BE528EE77C2003D1F49 /* SampleroTests.xctest */;
			productType = "com.apple.product-type.bundle.unit-test";
		};
		CEF76BEE28EE77C2003D1F49 /* SampleroUITests */ = {
			isa = PBXNativeTarget;
			buildConfigurationList = CEF76BFF28EE77C2003D1F49 /* Build configuration list for PBXNativeTarget "SampleroUITests" */;
			buildPhases = (
				CEF76BEB28EE77C2003D1F49 /* Sources */,
				CEF76BEC28EE77C2003D1F49 /* Frameworks */,
				CEF76BED28EE77C2003D1F49 /* Resources */,
			);
			buildRules = (
			);
			dependencies = (
				CEF76BF128EE77C2003D1F49 /* PBXTargetDependency */,
			);
			name = SampleroUITests;
			packageProductDependencies = (
				35084E4528EFEC5700621C0D /* RxBlocking */,
				35084E4728EFEC5700621C0D /* RxTest */,
			);
			productName = SampleroUITests;
			productReference = CEF76BEF28EE77C2003D1F49 /* SampleroUITests.xctest */;
			productType = "com.apple.product-type.bundle.ui-testing";
		};
/* End PBXNativeTarget section */

/* Begin PBXProject section */
		CEF76BC728EE77C0003D1F49 /* Project object */ = {
			isa = PBXProject;
			attributes = {
				BuildIndependentTargetsInParallel = 1;
				LastSwiftUpdateCheck = 1400;
				LastUpgradeCheck = 1400;
				TargetAttributes = {
					CEF76BCE28EE77C0003D1F49 = {
						CreatedOnToolsVersion = 14.0.1;
					};
					CEF76BE428EE77C2003D1F49 = {
						CreatedOnToolsVersion = 14.0.1;
						TestTargetID = CEF76BCE28EE77C0003D1F49;
					};
					CEF76BEE28EE77C2003D1F49 = {
						CreatedOnToolsVersion = 14.0.1;
						TestTargetID = CEF76BCE28EE77C0003D1F49;
					};
				};
			};
			buildConfigurationList = CEF76BCA28EE77C0003D1F49 /* Build configuration list for PBXProject "Samplero" */;
			compatibilityVersion = "Xcode 14.0";
			developmentRegion = en;
			hasScannedForEncodings = 0;
			knownRegions = (
				en,
				Base,
				ko,
			);
			mainGroup = CEF76BC628EE77C0003D1F49;
			packageReferences = (
				21ED8C5C28EFC3E40074C9A3 /* XCRemoteSwiftPackageReference "SnapKit" */,
				21ED8C5F28EFC4130074C9A3 /* XCRemoteSwiftPackageReference "RxSwift" */,
				35E443FA28F6CE7C00320DD6 /* XCRemoteSwiftPackageReference "RxDataSources" */,
				35E4440328F9D6BE00320DD6 /* XCRemoteSwiftPackageReference "lottie-ios" */,
			);
			productRefGroup = CEF76BD028EE77C0003D1F49 /* Products */;
			projectDirPath = "";
			projectRoot = "";
			targets = (
				CEF76BCE28EE77C0003D1F49 /* Samplero */,
				CEF76BE428EE77C2003D1F49 /* SampleroTests */,
				CEF76BEE28EE77C2003D1F49 /* SampleroUITests */,
			);
		};
/* End PBXProject section */

/* Begin PBXResourcesBuildPhase section */
		CEF76BCD28EE77C0003D1F49 /* Resources */ = {
			isa = PBXResourcesBuildPhase;
			buildActionMask = 2147483647;
			files = (
				CE13B6C728F1600B00216EB2 /* .swiftlint.yml in Resources */,
				B5EEA68629012D6800E6DA69 /* InfoPlist.strings in Resources */,
				CEF76BDF28EE77C1003D1F49 /* LaunchScreen.storyboard in Resources */,
				CEF76BDC28EE77C1003D1F49 /* Assets.xcassets in Resources */,
				35E4440A28F9E30100320DD6 /* dots.json in Resources */,
				CEF76BDA28EE77C0003D1F49 /* Main.storyboard in Resources */,
				35E4440C28F9E6DA00320DD6 /* dot.json in Resources */,
			);
			runOnlyForDeploymentPostprocessing = 0;
		};
		CEF76BE328EE77C2003D1F49 /* Resources */ = {
			isa = PBXResourcesBuildPhase;
			buildActionMask = 2147483647;
			files = (
			);
			runOnlyForDeploymentPostprocessing = 0;
		};
		CEF76BED28EE77C2003D1F49 /* Resources */ = {
			isa = PBXResourcesBuildPhase;
			buildActionMask = 2147483647;
			files = (
			);
			runOnlyForDeploymentPostprocessing = 0;
		};
/* End PBXResourcesBuildPhase section */

/* Begin PBXShellScriptBuildPhase section */
		CE13B6C528F15F0200216EB2 /* ShellScript */ = {
			isa = PBXShellScriptBuildPhase;
			buildActionMask = 2147483647;
			files = (
			);
			inputFileListPaths = (
			);
			inputPaths = (
			);
			outputFileListPaths = (
			);
			outputPaths = (
			);
			runOnlyForDeploymentPostprocessing = 0;
			shellPath = /bin/sh;
			shellScript = "export PATH=\"$PATH:/opt/homebrew/bin\"\nif which swiftlint > /dev/null; then\n  swiftlint\nelse\n  echo \"warning: SwiftLint not installed, download from https://github.com/realm/SwiftLint\"\nfi\n";
		};
/* End PBXShellScriptBuildPhase section */

/* Begin PBXSourcesBuildPhase section */
		CEF76BCB28EE77C0003D1F49 /* Sources */ = {
			isa = PBXSourcesBuildPhase;
			buildActionMask = 2147483647;
			files = (
				B51AF44828F6EDB80076F21B /* UIImage+CustomExtensions.swift in Sources */,
				35E443E928F689FA00320DD6 /* ShopBasketViewController.swift in Sources */,
				CEFFE77F28F3C7D4007A7842 /* UICollectionView+Extension.swift in Sources */,
				CEF76BD728EE77C0003D1F49 /* MainViewController.swift in Sources */,
				355CB85B28F09B06001A5731 /* SampleDetailView.swift in Sources */,
				CE6379E828F6B19C003ED6FA /* CameraHelpView.swift in Sources */,
				355CB86828F29F57001A5731 /* SampleCollectionViewCell.swift in Sources */,
				CE1052E128F279DB00503ECF /* CameraViewController.swift in Sources */,
				CEFFE78728F3D0E5007A7842 /* EstimateHistory.swift in Sources */,
				CEFFE77A28F3C5E6007A7842 /* EstimateHistoryViewController.swift in Sources */,
				355CB85B28F09B06001A5731 /* SampleDetailView.swift in Sources */,
				355CB86828F29F57001A5731 /* SampleCollectionViewCell.swift in Sources */,
				CE567AD528F9099B00AEF5E0 /* ShopBasket.swift in Sources */,
				2188F2F928F7B434005BC322 /* PaddedLabel.swift in Sources */,
				355CB87028F2F716001A5731 /* ViewModelBindableType.swift in Sources */,
				212CFA7A28F65D30003D310A /* TermsViewController.swift in Sources */,
				CEF76BD328EE77C0003D1F49 /* AppDelegate.swift in Sources */,
				35E443F928F6AF4D00320DD6 /* ShopBasketViewModel.swift in Sources */,
				210CC68328F2700C008191A9 /* GetAreaViewController.swift in Sources */,
				216CA5BA28F56433008C09C7 /* CustomGetSizeView.swift in Sources */,
				B51AF43B28F6EDA40076F21B /* CGImagePropertyOrientation.swift in Sources */,
				210CC67F28F26FD5008191A9 /* BottomSheetTransitioningDelegate.swift in Sources */,
				2195EA0C28F2E7C800299B39 /* UIViewController+Extension.swift in Sources */,
				B51AF44C28F858130076F21B /* CGImage+Resize.swift in Sources */,
				21C81DA328F45447000E89DA /* AreaTestViewController.swift in Sources */,
				210CC67B28F26F8B008191A9 /* BottomSheetInteractiveDismissalTransition.swift in Sources */,
				355CB86128F295A0001A5731 /* MockData.swift in Sources */,
				35109D3328F551F500EA6F8F /* CGSize+Extension.swift in Sources */,
				CE567ACD28F8F6D000AEF5E0 /* LocalFileManager.swift in Sources */,
				21ED8C7C28EFC77B0074C9A3 /* UITableView+Extension.swift in Sources */,
				B51AF44428F6EDA40076F21B /* MLMultiArray+Image.swift in Sources */,
				355CB85F28F1D5DA001A5731 /* Sample.swift in Sources */,
				CE6379E528F59782003ED6FA /* DBHelper.swift in Sources */,
				CEF76BD528EE77C0003D1F49 /* SceneDelegate.swift in Sources */,
				CEFFE78528F3CFF9007A7842 /* EstimateHistoryViewModel.swift in Sources */,
				CEFFE78C28F3D7A3007A7842 /* BaseCollectionViewCell.swift in Sources */,
				35E4440228F8E9C600320DD6 /* UIFont+Extension.swift in Sources */,
				2188F2FC28F7D59E005BC322 /* TermsViewModel.swift in Sources */,
				35084E4C28F02A9300621C0D /* ImageLiteral.swift in Sources */,
				212135FD28F858D10049B28D /* ToBeEstimatedPriceView.swift in Sources */,
				21ED8C8028EFC7990074C9A3 /* BaseTableViewCell.swift in Sources */,
				355CB85428F0843D001A5731 /* EstimateViewController.swift in Sources */,
				355CB86D28F2EFEF001A5731 /* EstimateViewModel.swift in Sources */,
				35E443E728F689D800320DD6 /* ShopBasketCollectionViewCell.swift in Sources */,
				2164307428F693F500443A1B /* CustomCheckbox.swift in Sources */,
				21ED8C7B28EFC77B0074C9A3 /* NSObject+Extension.swift in Sources */,
				355CB85D28F1D15B001A5731 /* EstimateCommonStackView.swift in Sources */,
				21ED8C7F28EFC7990074C9A3 /* BaseViewController.swift in Sources */,
				B51AF44328F6EDA40076F21B /* CGImage+RawBytes.swift in Sources */,
				B51AF42328F6E9190076F21B /* FloorSegmentation.mlmodel in Sources */,
				CE9C460828F4595900890821 /* TakenPictureViewController.swift in Sources */,
				210CC68128F26FEF008191A9 /* BottomSheetController.swift in Sources */,
				210CC67D28F26FBD008191A9 /* BottomSheetPresentationController.swift in Sources */,
				212135F928F8499E0049B28D /* PaddedButton.swift in Sources */,
				355CB87128F2F716001A5731 /* ViewModelType.swift in Sources */,
				2164307A28F69FA600443A1B /* UIViewController+Alert.swift in Sources */,
				CE567AD328F9038700AEF5E0 /* CameraViewModel.swift in Sources */,
				212135FB28F84CC20049B28D /* EstimatedPriceView.swift in Sources */,
				35084E4A28F0292C00621C0D /* Color+Extension.swift in Sources */,
				CEFFE77D28F3C689007A7842 /* EstimateHistoryCollectionViewCell.swift in Sources */,
				B51AF43728F6EDA40076F21B /* Math.swift in Sources */,
				35E443F628F6991D00320DD6 /* AmountStackView.swift in Sources */,
				35E443FE28F85BE500320DD6 /* CheckSample.swift in Sources */,
				35E443F428F692CF00320DD6 /* AmountFooterView.swift in Sources */,
			);
			runOnlyForDeploymentPostprocessing = 0;
		};
		CEF76BE128EE77C2003D1F49 /* Sources */ = {
			isa = PBXSourcesBuildPhase;
			buildActionMask = 2147483647;
			files = (
				CEF76BEA28EE77C2003D1F49 /* SampleroTests.swift in Sources */,
			);
			runOnlyForDeploymentPostprocessing = 0;
		};
		CEF76BEB28EE77C2003D1F49 /* Sources */ = {
			isa = PBXSourcesBuildPhase;
			buildActionMask = 2147483647;
			files = (
				CEF76BF628EE77C2003D1F49 /* SampleroUITestsLaunchTests.swift in Sources */,
				CEF76BF428EE77C2003D1F49 /* SampleroUITests.swift in Sources */,
			);
			runOnlyForDeploymentPostprocessing = 0;
		};
/* End PBXSourcesBuildPhase section */

/* Begin PBXTargetDependency section */
		CEF76BE728EE77C2003D1F49 /* PBXTargetDependency */ = {
			isa = PBXTargetDependency;
			target = CEF76BCE28EE77C0003D1F49 /* Samplero */;
			targetProxy = CEF76BE628EE77C2003D1F49 /* PBXContainerItemProxy */;
		};
		CEF76BF128EE77C2003D1F49 /* PBXTargetDependency */ = {
			isa = PBXTargetDependency;
			target = CEF76BCE28EE77C0003D1F49 /* Samplero */;
			targetProxy = CEF76BF028EE77C2003D1F49 /* PBXContainerItemProxy */;
		};
/* End PBXTargetDependency section */

/* Begin PBXVariantGroup section */
		B5EEA68829012D6800E6DA69 /* InfoPlist.strings */ = {
			isa = PBXVariantGroup;
			children = (
				B5EEA68729012D6800E6DA69 /* en */,
				B5EEA68929012D6E00E6DA69 /* ko */,
			);
			name = InfoPlist.strings;
			sourceTree = "<group>";
		};
		CEF76BD828EE77C0003D1F49 /* Main.storyboard */ = {
			isa = PBXVariantGroup;
			children = (
				CEF76BD928EE77C0003D1F49 /* Base */,
				B5EEA68229012D3100E6DA69 /* ko */,
			);
			name = Main.storyboard;
			sourceTree = "<group>";
		};
		CEF76BDD28EE77C1003D1F49 /* LaunchScreen.storyboard */ = {
			isa = PBXVariantGroup;
			children = (
				CEF76BDE28EE77C1003D1F49 /* Base */,
				B5EEA68329012D3100E6DA69 /* ko */,
			);
			name = LaunchScreen.storyboard;
			sourceTree = "<group>";
		};
/* End PBXVariantGroup section */

/* Begin XCBuildConfiguration section */
		CEF76BF728EE77C2003D1F49 /* Debug */ = {
			isa = XCBuildConfiguration;
			buildSettings = {
				ALWAYS_SEARCH_USER_PATHS = NO;
				CLANG_ANALYZER_LOCALIZABILITY_NONLOCALIZED = YES;
				CLANG_ANALYZER_NONNULL = YES;
				CLANG_ANALYZER_NUMBER_OBJECT_CONVERSION = YES_AGGRESSIVE;
				CLANG_CXX_LANGUAGE_STANDARD = "gnu++20";
				CLANG_ENABLE_MODULES = YES;
				CLANG_ENABLE_OBJC_ARC = YES;
				CLANG_ENABLE_OBJC_WEAK = YES;
				CLANG_WARN_BLOCK_CAPTURE_AUTORELEASING = YES;
				CLANG_WARN_BOOL_CONVERSION = YES;
				CLANG_WARN_COMMA = YES;
				CLANG_WARN_CONSTANT_CONVERSION = YES;
				CLANG_WARN_DEPRECATED_OBJC_IMPLEMENTATIONS = YES;
				CLANG_WARN_DIRECT_OBJC_ISA_USAGE = YES_ERROR;
				CLANG_WARN_DOCUMENTATION_COMMENTS = YES;
				CLANG_WARN_EMPTY_BODY = YES;
				CLANG_WARN_ENUM_CONVERSION = YES;
				CLANG_WARN_INFINITE_RECURSION = YES;
				CLANG_WARN_INT_CONVERSION = YES;
				CLANG_WARN_NON_LITERAL_NULL_CONVERSION = YES;
				CLANG_WARN_OBJC_IMPLICIT_RETAIN_SELF = YES;
				CLANG_WARN_OBJC_LITERAL_CONVERSION = YES;
				CLANG_WARN_OBJC_ROOT_CLASS = YES_ERROR;
				CLANG_WARN_QUOTED_INCLUDE_IN_FRAMEWORK_HEADER = YES;
				CLANG_WARN_RANGE_LOOP_ANALYSIS = YES;
				CLANG_WARN_STRICT_PROTOTYPES = YES;
				CLANG_WARN_SUSPICIOUS_MOVE = YES;
				CLANG_WARN_UNGUARDED_AVAILABILITY = YES_AGGRESSIVE;
				CLANG_WARN_UNREACHABLE_CODE = YES;
				CLANG_WARN__DUPLICATE_METHOD_MATCH = YES;
				COPY_PHASE_STRIP = NO;
				DEBUG_INFORMATION_FORMAT = dwarf;
				ENABLE_STRICT_OBJC_MSGSEND = YES;
				ENABLE_TESTABILITY = YES;
				GCC_C_LANGUAGE_STANDARD = gnu11;
				GCC_DYNAMIC_NO_PIC = NO;
				GCC_NO_COMMON_BLOCKS = YES;
				GCC_OPTIMIZATION_LEVEL = 0;
				GCC_PREPROCESSOR_DEFINITIONS = (
					"DEBUG=1",
					"$(inherited)",
				);
				GCC_WARN_64_TO_32_BIT_CONVERSION = YES;
				GCC_WARN_ABOUT_RETURN_TYPE = YES_ERROR;
				GCC_WARN_UNDECLARED_SELECTOR = YES;
				GCC_WARN_UNINITIALIZED_AUTOS = YES_AGGRESSIVE;
				GCC_WARN_UNUSED_FUNCTION = YES;
				GCC_WARN_UNUSED_VARIABLE = YES;
				INFOPLIST_KEY_UIUserInterfaceStyle = Light;
				IPHONEOS_DEPLOYMENT_TARGET = 16.0;
				MTL_ENABLE_DEBUG_INFO = INCLUDE_SOURCE;
				MTL_FAST_MATH = YES;
				ONLY_ACTIVE_ARCH = YES;
				SDKROOT = iphoneos;
				SWIFT_ACTIVE_COMPILATION_CONDITIONS = DEBUG;
				SWIFT_OPTIMIZATION_LEVEL = "-Onone";
			};
			name = Debug;
		};
		CEF76BF828EE77C2003D1F49 /* Release */ = {
			isa = XCBuildConfiguration;
			buildSettings = {
				ALWAYS_SEARCH_USER_PATHS = NO;
				CLANG_ANALYZER_LOCALIZABILITY_NONLOCALIZED = YES;
				CLANG_ANALYZER_NONNULL = YES;
				CLANG_ANALYZER_NUMBER_OBJECT_CONVERSION = YES_AGGRESSIVE;
				CLANG_CXX_LANGUAGE_STANDARD = "gnu++20";
				CLANG_ENABLE_MODULES = YES;
				CLANG_ENABLE_OBJC_ARC = YES;
				CLANG_ENABLE_OBJC_WEAK = YES;
				CLANG_WARN_BLOCK_CAPTURE_AUTORELEASING = YES;
				CLANG_WARN_BOOL_CONVERSION = YES;
				CLANG_WARN_COMMA = YES;
				CLANG_WARN_CONSTANT_CONVERSION = YES;
				CLANG_WARN_DEPRECATED_OBJC_IMPLEMENTATIONS = YES;
				CLANG_WARN_DIRECT_OBJC_ISA_USAGE = YES_ERROR;
				CLANG_WARN_DOCUMENTATION_COMMENTS = YES;
				CLANG_WARN_EMPTY_BODY = YES;
				CLANG_WARN_ENUM_CONVERSION = YES;
				CLANG_WARN_INFINITE_RECURSION = YES;
				CLANG_WARN_INT_CONVERSION = YES;
				CLANG_WARN_NON_LITERAL_NULL_CONVERSION = YES;
				CLANG_WARN_OBJC_IMPLICIT_RETAIN_SELF = YES;
				CLANG_WARN_OBJC_LITERAL_CONVERSION = YES;
				CLANG_WARN_OBJC_ROOT_CLASS = YES_ERROR;
				CLANG_WARN_QUOTED_INCLUDE_IN_FRAMEWORK_HEADER = YES;
				CLANG_WARN_RANGE_LOOP_ANALYSIS = YES;
				CLANG_WARN_STRICT_PROTOTYPES = YES;
				CLANG_WARN_SUSPICIOUS_MOVE = YES;
				CLANG_WARN_UNGUARDED_AVAILABILITY = YES_AGGRESSIVE;
				CLANG_WARN_UNREACHABLE_CODE = YES;
				CLANG_WARN__DUPLICATE_METHOD_MATCH = YES;
				COPY_PHASE_STRIP = NO;
				DEBUG_INFORMATION_FORMAT = "dwarf-with-dsym";
				ENABLE_NS_ASSERTIONS = NO;
				ENABLE_STRICT_OBJC_MSGSEND = YES;
				GCC_C_LANGUAGE_STANDARD = gnu11;
				GCC_NO_COMMON_BLOCKS = YES;
				GCC_WARN_64_TO_32_BIT_CONVERSION = YES;
				GCC_WARN_ABOUT_RETURN_TYPE = YES_ERROR;
				GCC_WARN_UNDECLARED_SELECTOR = YES;
				GCC_WARN_UNINITIALIZED_AUTOS = YES_AGGRESSIVE;
				GCC_WARN_UNUSED_FUNCTION = YES;
				GCC_WARN_UNUSED_VARIABLE = YES;
				INFOPLIST_KEY_UIUserInterfaceStyle = Light;
				IPHONEOS_DEPLOYMENT_TARGET = 16.0;
				MTL_ENABLE_DEBUG_INFO = NO;
				MTL_FAST_MATH = YES;
				SDKROOT = iphoneos;
				SWIFT_COMPILATION_MODE = wholemodule;
				SWIFT_OPTIMIZATION_LEVEL = "-O";
				VALIDATE_PRODUCT = YES;
			};
			name = Release;
		};
		CEF76BFA28EE77C2003D1F49 /* Debug */ = {
			isa = XCBuildConfiguration;
			buildSettings = {
				ASSETCATALOG_COMPILER_APPICON_NAME = AppIcon;
				ASSETCATALOG_COMPILER_GLOBAL_ACCENT_COLOR_NAME = AccentColor;
				CODE_SIGN_STYLE = Automatic;
				CURRENT_PROJECT_VERSION = 1;
				DEVELOPMENT_TEAM = J85NQ6YL4V;
				GENERATE_INFOPLIST_FILE = YES;
				INFOPLIST_FILE = Samplero/Info.plist;
				INFOPLIST_KEY_NSCameraUsageDescription = "카메라를 통한 인테리어를 확인하기 위해 카메라에 대한 접근 권한을 허용해주세요.";
				INFOPLIST_KEY_NSMicrophoneUsageDescription = "카메라를 통한 인테리어를 확인하기 위해 카메라에 대한 접근 권한을 허용해주세요.";
				INFOPLIST_KEY_UIApplicationSupportsIndirectInputEvents = YES;
				INFOPLIST_KEY_UILaunchStoryboardName = LaunchScreen;
				INFOPLIST_KEY_UIMainStoryboardFile = Main;
				INFOPLIST_KEY_UISupportedInterfaceOrientations = UIInterfaceOrientationPortrait;
				INFOPLIST_KEY_UISupportedInterfaceOrientations_iPad = "UIInterfaceOrientationLandscapeLeft UIInterfaceOrientationLandscapeRight UIInterfaceOrientationPortrait UIInterfaceOrientationPortraitUpsideDown";
				INFOPLIST_KEY_UIUserInterfaceStyle = Light;
				IPHONEOS_DEPLOYMENT_TARGET = 14.0;
				LD_RUNPATH_SEARCH_PATHS = (
					"$(inherited)",
					"@executable_path/Frameworks",
				);
				MARKETING_VERSION = 1.0;
				PRODUCT_BUNDLE_IDENTIFIER = com.fourfour.samplero;
				PRODUCT_NAME = "$(TARGET_NAME)";
				SUPPORTED_PLATFORMS = "iphoneos iphonesimulator";
				SUPPORTS_MACCATALYST = NO;
				SUPPORTS_MAC_DESIGNED_FOR_IPHONE_IPAD = NO;
				SWIFT_EMIT_LOC_STRINGS = YES;
				SWIFT_VERSION = 5.0;
				TARGETED_DEVICE_FAMILY = 1;
			};
			name = Debug;
		};
		CEF76BFB28EE77C2003D1F49 /* Release */ = {
			isa = XCBuildConfiguration;
			buildSettings = {
				ASSETCATALOG_COMPILER_APPICON_NAME = AppIcon;
				ASSETCATALOG_COMPILER_GLOBAL_ACCENT_COLOR_NAME = AccentColor;
				CODE_SIGN_STYLE = Automatic;
				CURRENT_PROJECT_VERSION = 1;
				DEVELOPMENT_TEAM = J85NQ6YL4V;
				GENERATE_INFOPLIST_FILE = YES;
				INFOPLIST_FILE = Samplero/Info.plist;
				INFOPLIST_KEY_NSCameraUsageDescription = "카메라를 통한 인테리어를 확인하기 위해 카메라에 대한 접근 권한을 허용해주세요.";
				INFOPLIST_KEY_NSMicrophoneUsageDescription = "카메라를 통한 인테리어를 확인하기 위해 카메라에 대한 접근 권한을 허용해주세요.";
				INFOPLIST_KEY_UIApplicationSupportsIndirectInputEvents = YES;
				INFOPLIST_KEY_UILaunchStoryboardName = LaunchScreen;
				INFOPLIST_KEY_UIMainStoryboardFile = Main;
				INFOPLIST_KEY_UISupportedInterfaceOrientations = UIInterfaceOrientationPortrait;
				INFOPLIST_KEY_UISupportedInterfaceOrientations_iPad = "UIInterfaceOrientationLandscapeLeft UIInterfaceOrientationLandscapeRight UIInterfaceOrientationPortrait UIInterfaceOrientationPortraitUpsideDown";
				INFOPLIST_KEY_UIUserInterfaceStyle = Light;
				IPHONEOS_DEPLOYMENT_TARGET = 14.0;
				LD_RUNPATH_SEARCH_PATHS = (
					"$(inherited)",
					"@executable_path/Frameworks",
				);
				MARKETING_VERSION = 1.0;
				PRODUCT_BUNDLE_IDENTIFIER = com.fourfour.samplero;
				PRODUCT_NAME = "$(TARGET_NAME)";
				SUPPORTED_PLATFORMS = "iphoneos iphonesimulator";
				SUPPORTS_MACCATALYST = NO;
				SUPPORTS_MAC_DESIGNED_FOR_IPHONE_IPAD = NO;
				SWIFT_EMIT_LOC_STRINGS = YES;
				SWIFT_VERSION = 5.0;
				TARGETED_DEVICE_FAMILY = 1;
			};
			name = Release;
		};
		CEF76BFD28EE77C2003D1F49 /* Debug */ = {
			isa = XCBuildConfiguration;
			buildSettings = {
				ALWAYS_EMBED_SWIFT_STANDARD_LIBRARIES = YES;
				BUNDLE_LOADER = "$(TEST_HOST)";
				CODE_SIGN_STYLE = Automatic;
				CURRENT_PROJECT_VERSION = 1;
				DEVELOPMENT_TEAM = 744MUUC77P;
				GENERATE_INFOPLIST_FILE = YES;
				IPHONEOS_DEPLOYMENT_TARGET = 16.0;
				MARKETING_VERSION = 1.0;
				PRODUCT_BUNDLE_IDENTIFIER = com.fourfour.SampleroTests;
				PRODUCT_NAME = "$(TARGET_NAME)";
				SWIFT_EMIT_LOC_STRINGS = NO;
				SWIFT_VERSION = 5.0;
				TARGETED_DEVICE_FAMILY = "1,2";
				TEST_HOST = "$(BUILT_PRODUCTS_DIR)/Samplero.app/$(BUNDLE_EXECUTABLE_FOLDER_PATH)/Samplero";
			};
			name = Debug;
		};
		CEF76BFE28EE77C2003D1F49 /* Release */ = {
			isa = XCBuildConfiguration;
			buildSettings = {
				ALWAYS_EMBED_SWIFT_STANDARD_LIBRARIES = YES;
				BUNDLE_LOADER = "$(TEST_HOST)";
				CODE_SIGN_STYLE = Automatic;
				CURRENT_PROJECT_VERSION = 1;
				DEVELOPMENT_TEAM = 744MUUC77P;
				GENERATE_INFOPLIST_FILE = YES;
				IPHONEOS_DEPLOYMENT_TARGET = 16.0;
				MARKETING_VERSION = 1.0;
				PRODUCT_BUNDLE_IDENTIFIER = com.fourfour.SampleroTests;
				PRODUCT_NAME = "$(TARGET_NAME)";
				SWIFT_EMIT_LOC_STRINGS = NO;
				SWIFT_VERSION = 5.0;
				TARGETED_DEVICE_FAMILY = "1,2";
				TEST_HOST = "$(BUILT_PRODUCTS_DIR)/Samplero.app/$(BUNDLE_EXECUTABLE_FOLDER_PATH)/Samplero";
			};
			name = Release;
		};
		CEF76C0028EE77C2003D1F49 /* Debug */ = {
			isa = XCBuildConfiguration;
			buildSettings = {
				ALWAYS_EMBED_SWIFT_STANDARD_LIBRARIES = YES;
				CODE_SIGN_STYLE = Automatic;
				CURRENT_PROJECT_VERSION = 1;
				DEVELOPMENT_TEAM = 744MUUC77P;
				GENERATE_INFOPLIST_FILE = YES;
				MARKETING_VERSION = 1.0;
				PRODUCT_BUNDLE_IDENTIFIER = com.fourfour.SampleroUITests;
				PRODUCT_NAME = "$(TARGET_NAME)";
				SWIFT_EMIT_LOC_STRINGS = NO;
				SWIFT_VERSION = 5.0;
				TARGETED_DEVICE_FAMILY = "1,2";
				TEST_TARGET_NAME = Samplero;
			};
			name = Debug;
		};
		CEF76C0128EE77C2003D1F49 /* Release */ = {
			isa = XCBuildConfiguration;
			buildSettings = {
				ALWAYS_EMBED_SWIFT_STANDARD_LIBRARIES = YES;
				CODE_SIGN_STYLE = Automatic;
				CURRENT_PROJECT_VERSION = 1;
				DEVELOPMENT_TEAM = 744MUUC77P;
				GENERATE_INFOPLIST_FILE = YES;
				MARKETING_VERSION = 1.0;
				PRODUCT_BUNDLE_IDENTIFIER = com.fourfour.SampleroUITests;
				PRODUCT_NAME = "$(TARGET_NAME)";
				SWIFT_EMIT_LOC_STRINGS = NO;
				SWIFT_VERSION = 5.0;
				TARGETED_DEVICE_FAMILY = "1,2";
				TEST_TARGET_NAME = Samplero;
			};
			name = Release;
		};
/* End XCBuildConfiguration section */

/* Begin XCConfigurationList section */
		CEF76BCA28EE77C0003D1F49 /* Build configuration list for PBXProject "Samplero" */ = {
			isa = XCConfigurationList;
			buildConfigurations = (
				CEF76BF728EE77C2003D1F49 /* Debug */,
				CEF76BF828EE77C2003D1F49 /* Release */,
			);
			defaultConfigurationIsVisible = 0;
			defaultConfigurationName = Release;
		};
		CEF76BF928EE77C2003D1F49 /* Build configuration list for PBXNativeTarget "Samplero" */ = {
			isa = XCConfigurationList;
			buildConfigurations = (
				CEF76BFA28EE77C2003D1F49 /* Debug */,
				CEF76BFB28EE77C2003D1F49 /* Release */,
			);
			defaultConfigurationIsVisible = 0;
			defaultConfigurationName = Release;
		};
		CEF76BFC28EE77C2003D1F49 /* Build configuration list for PBXNativeTarget "SampleroTests" */ = {
			isa = XCConfigurationList;
			buildConfigurations = (
				CEF76BFD28EE77C2003D1F49 /* Debug */,
				CEF76BFE28EE77C2003D1F49 /* Release */,
			);
			defaultConfigurationIsVisible = 0;
			defaultConfigurationName = Release;
		};
		CEF76BFF28EE77C2003D1F49 /* Build configuration list for PBXNativeTarget "SampleroUITests" */ = {
			isa = XCConfigurationList;
			buildConfigurations = (
				CEF76C0028EE77C2003D1F49 /* Debug */,
				CEF76C0128EE77C2003D1F49 /* Release */,
			);
			defaultConfigurationIsVisible = 0;
			defaultConfigurationName = Release;
		};
/* End XCConfigurationList section */

/* Begin XCRemoteSwiftPackageReference section */
		21ED8C5C28EFC3E40074C9A3 /* XCRemoteSwiftPackageReference "SnapKit" */ = {
			isa = XCRemoteSwiftPackageReference;
			repositoryURL = "https://github.com/SnapKit/SnapKit";
			requirement = {
				kind = upToNextMajorVersion;
				minimumVersion = 5.0.0;
			};
		};
		21ED8C5F28EFC4130074C9A3 /* XCRemoteSwiftPackageReference "RxSwift" */ = {
			isa = XCRemoteSwiftPackageReference;
			repositoryURL = "https://github.com/ReactiveX/RxSwift.git";
			requirement = {
				branch = main;
				kind = branch;
			};
		};
		35E443FA28F6CE7C00320DD6 /* XCRemoteSwiftPackageReference "RxDataSources" */ = {
			isa = XCRemoteSwiftPackageReference;
			repositoryURL = "https://github.com/RxSwiftCommunity/RxDataSources.git";
			requirement = {
				kind = upToNextMajorVersion;
				minimumVersion = 5.0.0;
			};
		};
		35E4440328F9D6BE00320DD6 /* XCRemoteSwiftPackageReference "lottie-ios" */ = {
			isa = XCRemoteSwiftPackageReference;
			repositoryURL = "https://github.com/airbnb/lottie-ios.git";
			requirement = {
				kind = upToNextMajorVersion;
				minimumVersion = 3.0.0;
			};
		};
/* End XCRemoteSwiftPackageReference section */

/* Begin XCSwiftPackageProductDependency section */
		21ED8C5D28EFC3E40074C9A3 /* SnapKit */ = {
			isa = XCSwiftPackageProductDependency;
			package = 21ED8C5C28EFC3E40074C9A3 /* XCRemoteSwiftPackageReference "SnapKit" */;
			productName = SnapKit;
		};
		21ED8C6028EFC4130074C9A3 /* RxCocoa */ = {
			isa = XCSwiftPackageProductDependency;
			package = 21ED8C5F28EFC4130074C9A3 /* XCRemoteSwiftPackageReference "RxSwift" */;
			productName = RxCocoa;
		};
		21ED8C6228EFC4130074C9A3 /* RxRelay */ = {
			isa = XCSwiftPackageProductDependency;
			package = 21ED8C5F28EFC4130074C9A3 /* XCRemoteSwiftPackageReference "RxSwift" */;
			productName = RxRelay;
		};
		21ED8C6428EFC4130074C9A3 /* RxSwift */ = {
			isa = XCSwiftPackageProductDependency;
			package = 21ED8C5F28EFC4130074C9A3 /* XCRemoteSwiftPackageReference "RxSwift" */;
			productName = RxSwift;
		};
		35084E4128EFEC4F00621C0D /* RxBlocking */ = {
			isa = XCSwiftPackageProductDependency;
			package = 21ED8C5F28EFC4130074C9A3 /* XCRemoteSwiftPackageReference "RxSwift" */;
			productName = RxBlocking;
		};
		35084E4328EFEC4F00621C0D /* RxTest */ = {
			isa = XCSwiftPackageProductDependency;
			package = 21ED8C5F28EFC4130074C9A3 /* XCRemoteSwiftPackageReference "RxSwift" */;
			productName = RxTest;
		};
		35084E4528EFEC5700621C0D /* RxBlocking */ = {
			isa = XCSwiftPackageProductDependency;
			package = 21ED8C5F28EFC4130074C9A3 /* XCRemoteSwiftPackageReference "RxSwift" */;
			productName = RxBlocking;
		};
		35084E4728EFEC5700621C0D /* RxTest */ = {
			isa = XCSwiftPackageProductDependency;
			package = 21ED8C5F28EFC4130074C9A3 /* XCRemoteSwiftPackageReference "RxSwift" */;
			productName = RxTest;
		};
		35E443FB28F6CE7C00320DD6 /* RxDataSources */ = {
			isa = XCSwiftPackageProductDependency;
			package = 35E443FA28F6CE7C00320DD6 /* XCRemoteSwiftPackageReference "RxDataSources" */;
			productName = RxDataSources;
		};
		35E4440428F9D6BE00320DD6 /* Lottie */ = {
			isa = XCSwiftPackageProductDependency;
			package = 35E4440328F9D6BE00320DD6 /* XCRemoteSwiftPackageReference "lottie-ios" */;
			productName = Lottie;
		};
/* End XCSwiftPackageProductDependency section */
	};
	rootObject = CEF76BC728EE77C0003D1F49 /* Project object */;
}
